// !$*UTF8*$!
{
	archiveVersion = 1;
	classes = {
	};
	objectVersion = 56;
	objects = {

/* Begin PBXBuildFile section */
		BD22CF7929854C44001603CA /* AppDelegate.swift in Sources */ = {isa = PBXBuildFile; fileRef = BD22CF7829854C44001603CA /* AppDelegate.swift */; };
		BD22CF7B29854C44001603CA /* SceneDelegate.swift in Sources */ = {isa = PBXBuildFile; fileRef = BD22CF7A29854C44001603CA /* SceneDelegate.swift */; };
		BD22CF8229854C45001603CA /* Assets.xcassets in Resources */ = {isa = PBXBuildFile; fileRef = BD22CF8129854C45001603CA /* Assets.xcassets */; };
		BD22CF8529854C45001603CA /* LaunchScreen.storyboard in Resources */ = {isa = PBXBuildFile; fileRef = BD22CF8329854C45001603CA /* LaunchScreen.storyboard */; };
		BD22CF8D29854CA4001603CA /* BeerListViewController.swift in Sources */ = {isa = PBXBuildFile; fileRef = BD22CF8C29854CA4001603CA /* BeerListViewController.swift */; };
		BD22CF9829854F10001603CA /* Beer.swift in Sources */ = {isa = PBXBuildFile; fileRef = BD22CF9729854F10001603CA /* Beer.swift */; };
		BD22CF9A29855359001603CA /* BeerListCell.swift in Sources */ = {isa = PBXBuildFile; fileRef = BD22CF9929855359001603CA /* BeerListCell.swift */; };
		BD22CF9C298559DA001603CA /* BeerDetailViewController.swift in Sources */ = {isa = PBXBuildFile; fileRef = BD22CF9B298559DA001603CA /* BeerDetailViewController.swift */; };
		FA2664EB7193E2EC1CFCCD6B /* Pods_Brewery.framework in Frameworks */ = {isa = PBXBuildFile; fileRef = C0444CBE2E7915DF5CC7D998 /* Pods_Brewery.framework */; };
/* End PBXBuildFile section */

/* Begin PBXFileReference section */
		1C34FDB0A62CFEE40F4F943B /* Pods-Brewery.release.xcconfig */ = {isa = PBXFileReference; includeInIndex = 1; lastKnownFileType = text.xcconfig; name = "Pods-Brewery.release.xcconfig"; path = "Target Support Files/Pods-Brewery/Pods-Brewery.release.xcconfig"; sourceTree = "<group>"; };
		8705B8B4C9B49BDBCF52E6D2 /* Pods-Brewery.debug.xcconfig */ = {isa = PBXFileReference; includeInIndex = 1; lastKnownFileType = text.xcconfig; name = "Pods-Brewery.debug.xcconfig"; path = "Target Support Files/Pods-Brewery/Pods-Brewery.debug.xcconfig"; sourceTree = "<group>"; };
		BD22CF7529854C44001603CA /* Brewery.app */ = {isa = PBXFileReference; explicitFileType = wrapper.application; includeInIndex = 0; path = Brewery.app; sourceTree = BUILT_PRODUCTS_DIR; };
		BD22CF7829854C44001603CA /* AppDelegate.swift */ = {isa = PBXFileReference; lastKnownFileType = sourcecode.swift; path = AppDelegate.swift; sourceTree = "<group>"; };
		BD22CF7A29854C44001603CA /* SceneDelegate.swift */ = {isa = PBXFileReference; lastKnownFileType = sourcecode.swift; path = SceneDelegate.swift; sourceTree = "<group>"; };
		BD22CF8129854C45001603CA /* Assets.xcassets */ = {isa = PBXFileReference; lastKnownFileType = folder.assetcatalog; path = Assets.xcassets; sourceTree = "<group>"; };
		BD22CF8429854C45001603CA /* Base */ = {isa = PBXFileReference; lastKnownFileType = file.storyboard; name = Base; path = Base.lproj/LaunchScreen.storyboard; sourceTree = "<group>"; };
		BD22CF8629854C45001603CA /* Info.plist */ = {isa = PBXFileReference; lastKnownFileType = text.plist.xml; path = Info.plist; sourceTree = "<group>"; };
		BD22CF8C29854CA4001603CA /* BeerListViewController.swift */ = {isa = PBXFileReference; lastKnownFileType = sourcecode.swift; path = BeerListViewController.swift; sourceTree = "<group>"; };
		BD22CF9729854F10001603CA /* Beer.swift */ = {isa = PBXFileReference; lastKnownFileType = sourcecode.swift; path = Beer.swift; sourceTree = "<group>"; };
		BD22CF9929855359001603CA /* BeerListCell.swift */ = {isa = PBXFileReference; lastKnownFileType = sourcecode.swift; path = BeerListCell.swift; sourceTree = "<group>"; };
		BD22CF9B298559DA001603CA /* BeerDetailViewController.swift */ = {isa = PBXFileReference; lastKnownFileType = sourcecode.swift; path = BeerDetailViewController.swift; sourceTree = "<group>"; };
		C0444CBE2E7915DF5CC7D998 /* Pods_Brewery.framework */ = {isa = PBXFileReference; explicitFileType = wrapper.framework; includeInIndex = 0; path = Pods_Brewery.framework; sourceTree = BUILT_PRODUCTS_DIR; };
/* End PBXFileReference section */

/* Begin PBXFrameworksBuildPhase section */
		BD22CF7229854C44001603CA /* Frameworks */ = {
			isa = PBXFrameworksBuildPhase;
			buildActionMask = 2147483647;
			files = (
				FA2664EB7193E2EC1CFCCD6B /* Pods_Brewery.framework in Frameworks */,
			);
			runOnlyForDeploymentPostprocessing = 0;
		};
/* End PBXFrameworksBuildPhase section */

/* Begin PBXGroup section */
		23F8BCFD35BEA0762438259C /* Pods */ = {
			isa = PBXGroup;
			children = (
				8705B8B4C9B49BDBCF52E6D2 /* Pods-Brewery.debug.xcconfig */,
				1C34FDB0A62CFEE40F4F943B /* Pods-Brewery.release.xcconfig */,
			);
			path = Pods;
			sourceTree = "<group>";
		};
		BD22CF6C29854C44001603CA = {
			isa = PBXGroup;
			children = (
				BD22CF7729854C44001603CA /* Brewery */,
				BD22CF7629854C44001603CA /* Products */,
				23F8BCFD35BEA0762438259C /* Pods */,
				FDEF73E83D5BF5FCC53E5BFE /* Frameworks */,
			);
			sourceTree = "<group>";
		};
		BD22CF7629854C44001603CA /* Products */ = {
			isa = PBXGroup;
			children = (
				BD22CF7529854C44001603CA /* Brewery.app */,
			);
			name = Products;
			sourceTree = "<group>";
		};
		BD22CF7729854C44001603CA /* Brewery */ = {
			isa = PBXGroup;
			children = (
				BD22CF7829854C44001603CA /* AppDelegate.swift */,
				BD22CF7A29854C44001603CA /* SceneDelegate.swift */,
				BD22CF8C29854CA4001603CA /* BeerListViewController.swift */,
				BD22CF9B298559DA001603CA /* BeerDetailViewController.swift */,
				BD22CF9929855359001603CA /* BeerListCell.swift */,
				BD22CF8129854C45001603CA /* Assets.xcassets */,
				BD22CF8329854C45001603CA /* LaunchScreen.storyboard */,
				BD22CF8629854C45001603CA /* Info.plist */,
				BD22CF9729854F10001603CA /* Beer.swift */,
			);
			path = Brewery;
			sourceTree = "<group>";
		};
		FDEF73E83D5BF5FCC53E5BFE /* Frameworks */ = {
			isa = PBXGroup;
			children = (
				C0444CBE2E7915DF5CC7D998 /* Pods_Brewery.framework */,
			);
			name = Frameworks;
			sourceTree = "<group>";
		};
/* End PBXGroup section */

/* Begin PBXNativeTarget section */
		BD22CF7429854C44001603CA /* Brewery */ = {
			isa = PBXNativeTarget;
			buildConfigurationList = BD22CF8929854C45001603CA /* Build configuration list for PBXNativeTarget "Brewery" */;
			buildPhases = (
				F025C6F4222DC931D20A4636 /* [CP] Check Pods Manifest.lock */,
				BD22CF7129854C44001603CA /* Sources */,
				BD22CF7229854C44001603CA /* Frameworks */,
				BD22CF7329854C44001603CA /* Resources */,
				111AD016E7614D647AA8A850 /* [CP] Embed Pods Frameworks */,
			);
			buildRules = (
			);
			dependencies = (
			);
			name = Brewery;
			productName = Brewery;
			productReference = BD22CF7529854C44001603CA /* Brewery.app */;
			productType = "com.apple.product-type.application";
		};
/* End PBXNativeTarget section */

/* Begin PBXProject section */
		BD22CF6D29854C44001603CA /* Project object */ = {
			isa = PBXProject;
			attributes = {
				BuildIndependentTargetsInParallel = 1;
				LastSwiftUpdateCheck = 1400;
				LastUpgradeCheck = 1400;
				TargetAttributes = {
					BD22CF7429854C44001603CA = {
						CreatedOnToolsVersion = 14.0;
					};
				};
			};
			buildConfigurationList = BD22CF7029854C44001603CA /* Build configuration list for PBXProject "Brewery" */;
			compatibilityVersion = "Xcode 14.0";
			developmentRegion = en;
			hasScannedForEncodings = 0;
			knownRegions = (
				en,
				Base,
			);
			mainGroup = BD22CF6C29854C44001603CA;
			productRefGroup = BD22CF7629854C44001603CA /* Products */;
			projectDirPath = "";
			projectRoot = "";
			targets = (
				BD22CF7429854C44001603CA /* Brewery */,
			);
		};
/* End PBXProject section */

/* Begin PBXResourcesBuildPhase section */
		BD22CF7329854C44001603CA /* Resources */ = {
			isa = PBXResourcesBuildPhase;
			buildActionMask = 2147483647;
			files = (
				BD22CF8529854C45001603CA /* LaunchScreen.storyboard in Resources */,
				BD22CF8229854C45001603CA /* Assets.xcassets in Resources */,
			);
			runOnlyForDeploymentPostprocessing = 0;
		};
/* End PBXResourcesBuildPhase section */

/* Begin PBXShellScriptBuildPhase section */
		111AD016E7614D647AA8A850 /* [CP] Embed Pods Frameworks */ = {
			isa = PBXShellScriptBuildPhase;
			buildActionMask = 2147483647;
			files = (
			);
			inputFileListPaths = (
				"${PODS_ROOT}/Target Support Files/Pods-Brewery/Pods-Brewery-frameworks-${CONFIGURATION}-input-files.xcfilelist",
			);
			name = "[CP] Embed Pods Frameworks";
			outputFileListPaths = (
				"${PODS_ROOT}/Target Support Files/Pods-Brewery/Pods-Brewery-frameworks-${CONFIGURATION}-output-files.xcfilelist",
			);
			runOnlyForDeploymentPostprocessing = 0;
			shellPath = /bin/sh;
			shellScript = "\"${PODS_ROOT}/Target Support Files/Pods-Brewery/Pods-Brewery-frameworks.sh\"\n";
			showEnvVarsInLog = 0;
		};
		F025C6F4222DC931D20A4636 /* [CP] Check Pods Manifest.lock */ = {
			isa = PBXShellScriptBuildPhase;
			buildActionMask = 2147483647;
			files = (
			);
			inputFileListPaths = (
			);
			inputPaths = (
				"${PODS_PODFILE_DIR_PATH}/Podfile.lock",
				"${PODS_ROOT}/Manifest.lock",
			);
			name = "[CP] Check Pods Manifest.lock";
			outputFileListPaths = (
			);
			outputPaths = (
				"$(DERIVED_FILE_DIR)/Pods-Brewery-checkManifestLockResult.txt",
			);
			runOnlyForDeploymentPostprocessing = 0;
			shellPath = /bin/sh;
			shellScript = "diff \"${PODS_PODFILE_DIR_PATH}/Podfile.lock\" \"${PODS_ROOT}/Manifest.lock\" > /dev/null\nif [ $? != 0 ] ; then\n    # print error to STDERR\n    echo \"error: The sandbox is not in sync with the Podfile.lock. Run 'pod install' or update your CocoaPods installation.\" >&2\n    exit 1\nfi\n# This output is used by Xcode 'outputs' to avoid re-running this script phase.\necho \"SUCCESS\" > \"${SCRIPT_OUTPUT_FILE_0}\"\n";
			showEnvVarsInLog = 0;
		};
/* End PBXShellScriptBuildPhase section */

/* Begin PBXSourcesBuildPhase section */
		BD22CF7129854C44001603CA /* Sources */ = {
			isa = PBXSourcesBuildPhase;
			buildActionMask = 2147483647;
			files = (
				BD22CF8D29854CA4001603CA /* BeerListViewController.swift in Sources */,
				BD22CF9C298559DA001603CA /* BeerDetailViewController.swift in Sources */,
				BD22CF7929854C44001603CA /* AppDelegate.swift in Sources */,
				BD22CF7B29854C44001603CA /* SceneDelegate.swift in Sources */,
				BD22CF9829854F10001603CA /* Beer.swift in Sources */,
				BD22CF9A29855359001603CA /* BeerListCell.swift in Sources */,
			);
			runOnlyForDeploymentPostprocessing = 0;
		};
/* End PBXSourcesBuildPhase section */

/* Begin PBXVariantGroup section */
		BD22CF8329854C45001603CA /* LaunchScreen.storyboard */ = {
			isa = PBXVariantGroup;
			children = (
				BD22CF8429854C45001603CA /* Base */,
			);
			name = LaunchScreen.storyboard;
			sourceTree = "<group>";
		};
/* End PBXVariantGroup section */

/* Begin XCBuildConfiguration section */
		BD22CF8729854C45001603CA /* Debug */ = {
			isa = XCBuildConfiguration;
			buildSettings = {
				ALWAYS_SEARCH_USER_PATHS = NO;
				CLANG_ANALYZER_NONNULL = YES;
				CLANG_ANALYZER_NUMBER_OBJECT_CONVERSION = YES_AGGRESSIVE;
				CLANG_CXX_LANGUAGE_STANDARD = "gnu++20";
				CLANG_ENABLE_MODULES = YES;
				CLANG_ENABLE_OBJC_ARC = YES;
				CLANG_ENABLE_OBJC_WEAK = YES;
				CLANG_WARN_BLOCK_CAPTURE_AUTORELEASING = YES;
				CLANG_WARN_BOOL_CONVERSION = YES;
				CLANG_WARN_COMMA = YES;
				CLANG_WARN_CONSTANT_CONVERSION = YES;
				CLANG_WARN_DEPRECATED_OBJC_IMPLEMENTATIONS = YES;
				CLANG_WARN_DIRECT_OBJC_ISA_USAGE = YES_ERROR;
				CLANG_WARN_DOCUMENTATION_COMMENTS = YES;
				CLANG_WARN_EMPTY_BODY = YES;
				CLANG_WARN_ENUM_CONVERSION = YES;
				CLANG_WARN_INFINITE_RECURSION = YES;
				CLANG_WARN_INT_CONVERSION = YES;
				CLANG_WARN_NON_LITERAL_NULL_CONVERSION = YES;
				CLANG_WARN_OBJC_IMPLICIT_RETAIN_SELF = YES;
				CLANG_WARN_OBJC_LITERAL_CONVERSION = YES;
				CLANG_WARN_OBJC_ROOT_CLASS = YES_ERROR;
				CLANG_WARN_QUOTED_INCLUDE_IN_FRAMEWORK_HEADER = YES;
				CLANG_WARN_RANGE_LOOP_ANALYSIS = YES;
				CLANG_WARN_STRICT_PROTOTYPES = YES;
				CLANG_WARN_SUSPICIOUS_MOVE = YES;
				CLANG_WARN_UNGUARDED_AVAILABILITY = YES_AGGRESSIVE;
				CLANG_WARN_UNREACHABLE_CODE = YES;
				CLANG_WARN__DUPLICATE_METHOD_MATCH = YES;
				COPY_PHASE_STRIP = NO;
				DEBUG_INFORMATION_FORMAT = dwarf;
				ENABLE_STRICT_OBJC_MSGSEND = YES;
				ENABLE_TESTABILITY = YES;
				GCC_C_LANGUAGE_STANDARD = gnu11;
				GCC_DYNAMIC_NO_PIC = NO;
				GCC_NO_COMMON_BLOCKS = YES;
				GCC_OPTIMIZATION_LEVEL = 0;
				GCC_PREPROCESSOR_DEFINITIONS = (
					"DEBUG=1",
					"$(inherited)",
				);
				GCC_WARN_64_TO_32_BIT_CONVERSION = YES;
				GCC_WARN_ABOUT_RETURN_TYPE = YES_ERROR;
				GCC_WARN_UNDECLARED_SELECTOR = YES;
				GCC_WARN_UNINITIALIZED_AUTOS = YES_AGGRESSIVE;
				GCC_WARN_UNUSED_FUNCTION = YES;
				GCC_WARN_UNUSED_VARIABLE = YES;
				IPHONEOS_DEPLOYMENT_TARGET = 16.0;
				MTL_ENABLE_DEBUG_INFO = INCLUDE_SOURCE;
				MTL_FAST_MATH = YES;
				ONLY_ACTIVE_ARCH = YES;
				SDKROOT = iphoneos;
				SWIFT_ACTIVE_COMPILATION_CONDITIONS = DEBUG;
				SWIFT_OPTIMIZATION_LEVEL = "-Onone";
			};
			name = Debug;
		};
		BD22CF8829854C45001603CA /* Release */ = {
			isa = XCBuildConfiguration;
			buildSettings = {
				ALWAYS_SEARCH_USER_PATHS = NO;
				CLANG_ANALYZER_NONNULL = YES;
				CLANG_ANALYZER_NUMBER_OBJECT_CONVERSION = YES_AGGRESSIVE;
				CLANG_CXX_LANGUAGE_STANDARD = "gnu++20";
				CLANG_ENABLE_MODULES = YES;
				CLANG_ENABLE_OBJC_ARC = YES;
				CLANG_ENABLE_OBJC_WEAK = YES;
				CLANG_WARN_BLOCK_CAPTURE_AUTORELEASING = YES;
				CLANG_WARN_BOOL_CONVERSION = YES;
				CLANG_WARN_COMMA = YES;
				CLANG_WARN_CONSTANT_CONVERSION = YES;
				CLANG_WARN_DEPRECATED_OBJC_IMPLEMENTATIONS = YES;
				CLANG_WARN_DIRECT_OBJC_ISA_USAGE = YES_ERROR;
				CLANG_WARN_DOCUMENTATION_COMMENTS = YES;
				CLANG_WARN_EMPTY_BODY = YES;
				CLANG_WARN_ENUM_CONVERSION = YES;
				CLANG_WARN_INFINITE_RECURSION = YES;
				CLANG_WARN_INT_CONVERSION = YES;
				CLANG_WARN_NON_LITERAL_NULL_CONVERSION = YES;
				CLANG_WARN_OBJC_IMPLICIT_RETAIN_SELF = YES;
				CLANG_WARN_OBJC_LITERAL_CONVERSION = YES;
				CLANG_WARN_OBJC_ROOT_CLASS = YES_ERROR;
				CLANG_WARN_QUOTED_INCLUDE_IN_FRAMEWORK_HEADER = YES;
				CLANG_WARN_RANGE_LOOP_ANALYSIS = YES;
				CLANG_WARN_STRICT_PROTOTYPES = YES;
				CLANG_WARN_SUSPICIOUS_MOVE = YES;
				CLANG_WARN_UNGUARDED_AVAILABILITY = YES_AGGRESSIVE;
				CLANG_WARN_UNREACHABLE_CODE = YES;
				CLANG_WARN__DUPLICATE_METHOD_MATCH = YES;
				COPY_PHASE_STRIP = NO;
				DEBUG_INFORMATION_FORMAT = "dwarf-with-dsym";
				ENABLE_NS_ASSERTIONS = NO;
				ENABLE_STRICT_OBJC_MSGSEND = YES;
				GCC_C_LANGUAGE_STANDARD = gnu11;
				GCC_NO_COMMON_BLOCKS = YES;
				GCC_WARN_64_TO_32_BIT_CONVERSION = YES;
				GCC_WARN_ABOUT_RETURN_TYPE = YES_ERROR;
				GCC_WARN_UNDECLARED_SELECTOR = YES;
				GCC_WARN_UNINITIALIZED_AUTOS = YES_AGGRESSIVE;
				GCC_WARN_UNUSED_FUNCTION = YES;
				GCC_WARN_UNUSED_VARIABLE = YES;
				IPHONEOS_DEPLOYMENT_TARGET = 16.0;
				MTL_ENABLE_DEBUG_INFO = NO;
				MTL_FAST_MATH = YES;
				SDKROOT = iphoneos;
				SWIFT_COMPILATION_MODE = wholemodule;
				SWIFT_OPTIMIZATION_LEVEL = "-O";
				VALIDATE_PRODUCT = YES;
			};
			name = Release;
		};
		BD22CF8A29854C45001603CA /* Debug */ = {
			isa = XCBuildConfiguration;
			baseConfigurationReference = 8705B8B4C9B49BDBCF52E6D2 /* Pods-Brewery.debug.xcconfig */;
			buildSettings = {
				ASSETCATALOG_COMPILER_APPICON_NAME = AppIcon;
				ASSETCATALOG_COMPILER_GLOBAL_ACCENT_COLOR_NAME = AccentColor;
				CODE_SIGN_STYLE = Automatic;
				CURRENT_PROJECT_VERSION = 1;
				DEVELOPMENT_TEAM = 4QCSG92KD9;
				GENERATE_INFOPLIST_FILE = YES;
				INFOPLIST_FILE = Brewery/Info.plist;
				INFOPLIST_KEY_UIApplicationSupportsIndirectInputEvents = YES;
				INFOPLIST_KEY_UILaunchStoryboardName = LaunchScreen;
				INFOPLIST_KEY_UISupportedInterfaceOrientations_iPad = "UIInterfaceOrientationPortrait UIInterfaceOrientationPortraitUpsideDown UIInterfaceOrientationLandscapeLeft UIInterfaceOrientationLandscapeRight";
				INFOPLIST_KEY_UISupportedInterfaceOrientations_iPhone = "UIInterfaceOrientationPortrait UIInterfaceOrientationLandscapeLeft UIInterfaceOrientationLandscapeRight";
				LD_RUNPATH_SEARCH_PATHS = (
					"$(inherited)",
					"@executable_path/Frameworks",
				);
				MARKETING_VERSION = 1.0;
				PRODUCT_BUNDLE_IDENTIFIER = com.example.SHBrewery;
				PRODUCT_NAME = "$(TARGET_NAME)";
				SWIFT_EMIT_LOC_STRINGS = YES;
				SWIFT_VERSION = 5.0;
				TARGETED_DEVICE_FAMILY = "1,2";
			};
			name = Debug;
		};
		BD22CF8B29854C45001603CA /* Release */ = {
			isa = XCBuildConfiguration;
			baseConfigurationReference = 1C34FDB0A62CFEE40F4F943B /* Pods-Brewery.release.xcconfig */;
			buildSettings = {
				ASSETCATALOG_COMPILER_APPICON_NAME = AppIcon;
				ASSETCATALOG_COMPILER_GLOBAL_ACCENT_COLOR_NAME = AccentColor;
				CODE_SIGN_STYLE = Automatic;
				CURRENT_PROJECT_VERSION = 1;
				DEVELOPMENT_TEAM = 4QCSG92KD9;
				GENERATE_INFOPLIST_FILE = YES;
				INFOPLIST_FILE = Brewery/Info.plist;
				INFOPLIST_KEY_UIApplicationSupportsIndirectInputEvents = YES;
				INFOPLIST_KEY_UILaunchStoryboardName = LaunchScreen;
				INFOPLIST_KEY_UISupportedInterfaceOrientations_iPad = "UIInterfaceOrientationPortrait UIInterfaceOrientationPortraitUpsideDown UIInterfaceOrientationLandscapeLeft UIInterfaceOrientationLandscapeRight";
				INFOPLIST_KEY_UISupportedInterfaceOrientations_iPhone = "UIInterfaceOrientationPortrait UIInterfaceOrientationLandscapeLeft UIInterfaceOrientationLandscapeRight";
				LD_RUNPATH_SEARCH_PATHS = (
					"$(inherited)",
					"@executable_path/Frameworks",
				);
				MARKETING_VERSION = 1.0;
				PRODUCT_BUNDLE_IDENTIFIER = com.example.SHBrewery;
				PRODUCT_NAME = "$(TARGET_NAME)";
				SWIFT_EMIT_LOC_STRINGS = YES;
				SWIFT_VERSION = 5.0;
				TARGETED_DEVICE_FAMILY = "1,2";
			};
			name = Release;
		};
/* End XCBuildConfiguration section */

/* Begin XCConfigurationList section */
		BD22CF7029854C44001603CA /* Build configuration list for PBXProject "Brewery" */ = {
			isa = XCConfigurationList;
			buildConfigurations = (
				BD22CF8729854C45001603CA /* Debug */,
				BD22CF8829854C45001603CA /* Release */,
			);
			defaultConfigurationIsVisible = 0;
			defaultConfigurationName = Release;
		};
		BD22CF8929854C45001603CA /* Build configuration list for PBXNativeTarget "Brewery" */ = {
			isa = XCConfigurationList;
			buildConfigurations = (
				BD22CF8A29854C45001603CA /* Debug */,
				BD22CF8B29854C45001603CA /* Release */,
			);
			defaultConfigurationIsVisible = 0;
			defaultConfigurationName = Release;
		};
/* End XCConfigurationList section */
	};
	rootObject = BD22CF6D29854C44001603CA /* Project object */;
}
