// !$*UTF8*$!
{
	archiveVersion = 1;
	classes = {
	};
	objectVersion = 56;
	objects = {

/* Begin PBXBuildFile section */
		3A758D8C00A5A0E9D4718B07 /* Pods_COVID19Tests.framework in Frameworks */ = {isa = PBXBuildFile; fileRef = 780E7E2180AFEDFF6ABB0971 /* Pods_COVID19Tests.framework */; };
		56F218EEA77AE9756A8FC825 /* Pods_COVID19_COVID19UITests.framework in Frameworks */ = {isa = PBXBuildFile; fileRef = 202E837C9D7090C9C31B6486 /* Pods_COVID19_COVID19UITests.framework */; };
		B0DF2F6883FB390D894116D1 /* Pods_COVID19.framework in Frameworks */ = {isa = PBXBuildFile; fileRef = F3ED1F6F5A53A4BBB512492A /* Pods_COVID19.framework */; };
		F279616C295157A20033584F /* AppDelegate.swift in Sources */ = {isa = PBXBuildFile; fileRef = F279616B295157A20033584F /* AppDelegate.swift */; };
		F279616E295157A20033584F /* SceneDelegate.swift in Sources */ = {isa = PBXBuildFile; fileRef = F279616D295157A20033584F /* SceneDelegate.swift */; };
		F2796170295157A20033584F /* ViewController.swift in Sources */ = {isa = PBXBuildFile; fileRef = F279616F295157A20033584F /* ViewController.swift */; };
		F2796173295157A20033584F /* Main.storyboard in Resources */ = {isa = PBXBuildFile; fileRef = F2796171295157A20033584F /* Main.storyboard */; };
		F2796175295157A30033584F /* Assets.xcassets in Resources */ = {isa = PBXBuildFile; fileRef = F2796174295157A30033584F /* Assets.xcassets */; };
		F2796178295157A30033584F /* LaunchScreen.storyboard in Resources */ = {isa = PBXBuildFile; fileRef = F2796176295157A30033584F /* LaunchScreen.storyboard */; };
		F2796183295157A40033584F /* COVID19Tests.swift in Sources */ = {isa = PBXBuildFile; fileRef = F2796182295157A40033584F /* COVID19Tests.swift */; };
		F279618D295157A40033584F /* COVID19UITests.swift in Sources */ = {isa = PBXBuildFile; fileRef = F279618C295157A40033584F /* COVID19UITests.swift */; };
		F279618F295157A40033584F /* COVID19UITestsLaunchTests.swift in Sources */ = {isa = PBXBuildFile; fileRef = F279618E295157A40033584F /* COVID19UITestsLaunchTests.swift */; };
/* End PBXBuildFile section */

/* Begin PBXContainerItemProxy section */
		F279617F295157A40033584F /* PBXContainerItemProxy */ = {
			isa = PBXContainerItemProxy;
			containerPortal = F2796160295157A20033584F /* Project object */;
			proxyType = 1;
			remoteGlobalIDString = F2796167295157A20033584F;
			remoteInfo = COVID19;
		};
		F2796189295157A40033584F /* PBXContainerItemProxy */ = {
			isa = PBXContainerItemProxy;
			containerPortal = F2796160295157A20033584F /* Project object */;
			proxyType = 1;
			remoteGlobalIDString = F2796167295157A20033584F;
			remoteInfo = COVID19;
		};
/* End PBXContainerItemProxy section */

/* Begin PBXFileReference section */
		202E837C9D7090C9C31B6486 /* Pods_COVID19_COVID19UITests.framework */ = {isa = PBXFileReference; explicitFileType = wrapper.framework; includeInIndex = 0; path = Pods_COVID19_COVID19UITests.framework; sourceTree = BUILT_PRODUCTS_DIR; };
		31A6FF1C0EE34C1AF79A2D65 /* Pods-COVID19Tests.release.xcconfig */ = {isa = PBXFileReference; includeInIndex = 1; lastKnownFileType = text.xcconfig; name = "Pods-COVID19Tests.release.xcconfig"; path = "Target Support Files/Pods-COVID19Tests/Pods-COVID19Tests.release.xcconfig"; sourceTree = "<group>"; };
		5C9E04D402941DE987AB30DE /* Pods-COVID19.release.xcconfig */ = {isa = PBXFileReference; includeInIndex = 1; lastKnownFileType = text.xcconfig; name = "Pods-COVID19.release.xcconfig"; path = "Target Support Files/Pods-COVID19/Pods-COVID19.release.xcconfig"; sourceTree = "<group>"; };
		780E7E2180AFEDFF6ABB0971 /* Pods_COVID19Tests.framework */ = {isa = PBXFileReference; explicitFileType = wrapper.framework; includeInIndex = 0; path = Pods_COVID19Tests.framework; sourceTree = BUILT_PRODUCTS_DIR; };
		AAC0FD98D9C3D0E550D0D6F6 /* Pods-COVID19Tests.debug.xcconfig */ = {isa = PBXFileReference; includeInIndex = 1; lastKnownFileType = text.xcconfig; name = "Pods-COVID19Tests.debug.xcconfig"; path = "Target Support Files/Pods-COVID19Tests/Pods-COVID19Tests.debug.xcconfig"; sourceTree = "<group>"; };
		B98CE98C163E1CD0FA7A6CA9 /* Pods-COVID19-COVID19UITests.release.xcconfig */ = {isa = PBXFileReference; includeInIndex = 1; lastKnownFileType = text.xcconfig; name = "Pods-COVID19-COVID19UITests.release.xcconfig"; path = "Target Support Files/Pods-COVID19-COVID19UITests/Pods-COVID19-COVID19UITests.release.xcconfig"; sourceTree = "<group>"; };
		E3A7A5270F2F91A63AEAC0D7 /* Pods-COVID19-COVID19UITests.debug.xcconfig */ = {isa = PBXFileReference; includeInIndex = 1; lastKnownFileType = text.xcconfig; name = "Pods-COVID19-COVID19UITests.debug.xcconfig"; path = "Target Support Files/Pods-COVID19-COVID19UITests/Pods-COVID19-COVID19UITests.debug.xcconfig"; sourceTree = "<group>"; };
		F2796168295157A20033584F /* COVID19.app */ = {isa = PBXFileReference; explicitFileType = wrapper.application; includeInIndex = 0; path = COVID19.app; sourceTree = BUILT_PRODUCTS_DIR; };
		F279616B295157A20033584F /* AppDelegate.swift */ = {isa = PBXFileReference; lastKnownFileType = sourcecode.swift; path = AppDelegate.swift; sourceTree = "<group>"; };
		F279616D295157A20033584F /* SceneDelegate.swift */ = {isa = PBXFileReference; lastKnownFileType = sourcecode.swift; path = SceneDelegate.swift; sourceTree = "<group>"; };
		F279616F295157A20033584F /* ViewController.swift */ = {isa = PBXFileReference; lastKnownFileType = sourcecode.swift; path = ViewController.swift; sourceTree = "<group>"; };
		F2796172295157A20033584F /* Base */ = {isa = PBXFileReference; lastKnownFileType = file.storyboard; name = Base; path = Base.lproj/Main.storyboard; sourceTree = "<group>"; };
		F2796174295157A30033584F /* Assets.xcassets */ = {isa = PBXFileReference; lastKnownFileType = folder.assetcatalog; path = Assets.xcassets; sourceTree = "<group>"; };
		F2796177295157A30033584F /* Base */ = {isa = PBXFileReference; lastKnownFileType = file.storyboard; name = Base; path = Base.lproj/LaunchScreen.storyboard; sourceTree = "<group>"; };
		F2796179295157A30033584F /* Info.plist */ = {isa = PBXFileReference; lastKnownFileType = text.plist.xml; path = Info.plist; sourceTree = "<group>"; };
		F279617E295157A40033584F /* COVID19Tests.xctest */ = {isa = PBXFileReference; explicitFileType = wrapper.cfbundle; includeInIndex = 0; path = COVID19Tests.xctest; sourceTree = BUILT_PRODUCTS_DIR; };
		F2796182295157A40033584F /* COVID19Tests.swift */ = {isa = PBXFileReference; lastKnownFileType = sourcecode.swift; path = COVID19Tests.swift; sourceTree = "<group>"; };
		F2796188295157A40033584F /* COVID19UITests.xctest */ = {isa = PBXFileReference; explicitFileType = wrapper.cfbundle; includeInIndex = 0; path = COVID19UITests.xctest; sourceTree = BUILT_PRODUCTS_DIR; };
		F279618C295157A40033584F /* COVID19UITests.swift */ = {isa = PBXFileReference; lastKnownFileType = sourcecode.swift; path = COVID19UITests.swift; sourceTree = "<group>"; };
		F279618E295157A40033584F /* COVID19UITestsLaunchTests.swift */ = {isa = PBXFileReference; lastKnownFileType = sourcecode.swift; path = COVID19UITestsLaunchTests.swift; sourceTree = "<group>"; };
		F3ED1F6F5A53A4BBB512492A /* Pods_COVID19.framework */ = {isa = PBXFileReference; explicitFileType = wrapper.framework; includeInIndex = 0; path = Pods_COVID19.framework; sourceTree = BUILT_PRODUCTS_DIR; };
		FBF84555FC3F183CF677D447 /* Pods-COVID19.debug.xcconfig */ = {isa = PBXFileReference; includeInIndex = 1; lastKnownFileType = text.xcconfig; name = "Pods-COVID19.debug.xcconfig"; path = "Target Support Files/Pods-COVID19/Pods-COVID19.debug.xcconfig"; sourceTree = "<group>"; };
/* End PBXFileReference section */

/* Begin PBXFrameworksBuildPhase section */
		F2796165295157A20033584F /* Frameworks */ = {
			isa = PBXFrameworksBuildPhase;
			buildActionMask = 2147483647;
			files = (
				B0DF2F6883FB390D894116D1 /* Pods_COVID19.framework in Frameworks */,
			);
			runOnlyForDeploymentPostprocessing = 0;
		};
		F279617B295157A40033584F /* Frameworks */ = {
			isa = PBXFrameworksBuildPhase;
			buildActionMask = 2147483647;
			files = (
				3A758D8C00A5A0E9D4718B07 /* Pods_COVID19Tests.framework in Frameworks */,
			);
			runOnlyForDeploymentPostprocessing = 0;
		};
		F2796185295157A40033584F /* Frameworks */ = {
			isa = PBXFrameworksBuildPhase;
			buildActionMask = 2147483647;
			files = (
				56F218EEA77AE9756A8FC825 /* Pods_COVID19_COVID19UITests.framework in Frameworks */,
			);
			runOnlyForDeploymentPostprocessing = 0;
		};
/* End PBXFrameworksBuildPhase section */

/* Begin PBXGroup section */
		147E7D1204AEA9ABA3897966 /* Frameworks */ = {
			isa = PBXGroup;
			children = (
				F3ED1F6F5A53A4BBB512492A /* Pods_COVID19.framework */,
				202E837C9D7090C9C31B6486 /* Pods_COVID19_COVID19UITests.framework */,
				780E7E2180AFEDFF6ABB0971 /* Pods_COVID19Tests.framework */,
			);
			name = Frameworks;
			sourceTree = "<group>";
		};
		6B27208C5F50AD296481F5ED /* Pods */ = {
			isa = PBXGroup;
			children = (
				FBF84555FC3F183CF677D447 /* Pods-COVID19.debug.xcconfig */,
				5C9E04D402941DE987AB30DE /* Pods-COVID19.release.xcconfig */,
				E3A7A5270F2F91A63AEAC0D7 /* Pods-COVID19-COVID19UITests.debug.xcconfig */,
				B98CE98C163E1CD0FA7A6CA9 /* Pods-COVID19-COVID19UITests.release.xcconfig */,
				AAC0FD98D9C3D0E550D0D6F6 /* Pods-COVID19Tests.debug.xcconfig */,
				31A6FF1C0EE34C1AF79A2D65 /* Pods-COVID19Tests.release.xcconfig */,
			);
			name = Pods;
			path = Pods;
			sourceTree = "<group>";
		};
		F279615F295157A20033584F = {
			isa = PBXGroup;
			children = (
				F279616A295157A20033584F /* COVID19 */,
				F2796181295157A40033584F /* COVID19Tests */,
				F279618B295157A40033584F /* COVID19UITests */,
				F2796169295157A20033584F /* Products */,
				6B27208C5F50AD296481F5ED /* Pods */,
				147E7D1204AEA9ABA3897966 /* Frameworks */,
			);
			sourceTree = "<group>";
		};
		F2796169295157A20033584F /* Products */ = {
			isa = PBXGroup;
			children = (
				F2796168295157A20033584F /* COVID19.app */,
				F279617E295157A40033584F /* COVID19Tests.xctest */,
				F2796188295157A40033584F /* COVID19UITests.xctest */,
			);
			name = Products;
			sourceTree = "<group>";
		};
		F279616A295157A20033584F /* COVID19 */ = {
			isa = PBXGroup;
			children = (
				F279616B295157A20033584F /* AppDelegate.swift */,
				F279616D295157A20033584F /* SceneDelegate.swift */,
				F279616F295157A20033584F /* ViewController.swift */,
				F2796171295157A20033584F /* Main.storyboard */,
				F2796174295157A30033584F /* Assets.xcassets */,
				F2796176295157A30033584F /* LaunchScreen.storyboard */,
				F2796179295157A30033584F /* Info.plist */,
			);
			path = COVID19;
			sourceTree = "<group>";
		};
		F2796181295157A40033584F /* COVID19Tests */ = {
			isa = PBXGroup;
			children = (
				F2796182295157A40033584F /* COVID19Tests.swift */,
			);
			path = COVID19Tests;
			sourceTree = "<group>";
		};
		F279618B295157A40033584F /* COVID19UITests */ = {
			isa = PBXGroup;
			children = (
				F279618C295157A40033584F /* COVID19UITests.swift */,
				F279618E295157A40033584F /* COVID19UITestsLaunchTests.swift */,
			);
			path = COVID19UITests;
			sourceTree = "<group>";
		};
/* End PBXGroup section */

/* Begin PBXNativeTarget section */
		F2796167295157A20033584F /* COVID19 */ = {
			isa = PBXNativeTarget;
			buildConfigurationList = F2796192295157A40033584F /* Build configuration list for PBXNativeTarget "COVID19" */;
			buildPhases = (
				A684BA8F78C6A2BCC49BA6AA /* [CP] Check Pods Manifest.lock */,
				F2796164295157A20033584F /* Sources */,
				F2796165295157A20033584F /* Frameworks */,
				F2796166295157A20033584F /* Resources */,
				E300945486096A9C3724D000 /* [CP] Embed Pods Frameworks */,
			);
			buildRules = (
			);
			dependencies = (
			);
			name = COVID19;
			productName = COVID19;
			productReference = F2796168295157A20033584F /* COVID19.app */;
			productType = "com.apple.product-type.application";
		};
		F279617D295157A40033584F /* COVID19Tests */ = {
			isa = PBXNativeTarget;
			buildConfigurationList = F2796195295157A40033584F /* Build configuration list for PBXNativeTarget "COVID19Tests" */;
			buildPhases = (
				4221AE6580BC0B53CE89676A /* [CP] Check Pods Manifest.lock */,
				F279617A295157A40033584F /* Sources */,
				F279617B295157A40033584F /* Frameworks */,
				F279617C295157A40033584F /* Resources */,
			);
			buildRules = (
			);
			dependencies = (
				F2796180295157A40033584F /* PBXTargetDependency */,
			);
			name = COVID19Tests;
			productName = COVID19Tests;
			productReference = F279617E295157A40033584F /* COVID19Tests.xctest */;
			productType = "com.apple.product-type.bundle.unit-test";
		};
		F2796187295157A40033584F /* COVID19UITests */ = {
			isa = PBXNativeTarget;
			buildConfigurationList = F2796198295157A40033584F /* Build configuration list for PBXNativeTarget "COVID19UITests" */;
			buildPhases = (
				5219B69CF8F68B60093B87FA /* [CP] Check Pods Manifest.lock */,
				F2796184295157A40033584F /* Sources */,
				F2796185295157A40033584F /* Frameworks */,
				F2796186295157A40033584F /* Resources */,
				C9328EA3B21A8FE6FDA2A5ED /* [CP] Embed Pods Frameworks */,
			);
			buildRules = (
			);
			dependencies = (
				F279618A295157A40033584F /* PBXTargetDependency */,
			);
			name = COVID19UITests;
			productName = COVID19UITests;
			productReference = F2796188295157A40033584F /* COVID19UITests.xctest */;
			productType = "com.apple.product-type.bundle.ui-testing";
		};
/* End PBXNativeTarget section */

/* Begin PBXProject section */
		F2796160295157A20033584F /* Project object */ = {
			isa = PBXProject;
			attributes = {
				BuildIndependentTargetsInParallel = 1;
				LastSwiftUpdateCheck = 1400;
				LastUpgradeCheck = 1400;
				TargetAttributes = {
					F2796167295157A20033584F = {
						CreatedOnToolsVersion = 14.0.1;
					};
					F279617D295157A40033584F = {
						CreatedOnToolsVersion = 14.0.1;
						TestTargetID = F2796167295157A20033584F;
					};
					F2796187295157A40033584F = {
						CreatedOnToolsVersion = 14.0.1;
						TestTargetID = F2796167295157A20033584F;
					};
				};
			};
			buildConfigurationList = F2796163295157A20033584F /* Build configuration list for PBXProject "COVID19" */;
			compatibilityVersion = "Xcode 14.0";
			developmentRegion = en;
			hasScannedForEncodings = 0;
			knownRegions = (
				en,
				Base,
			);
			mainGroup = F279615F295157A20033584F;
			productRefGroup = F2796169295157A20033584F /* Products */;
			projectDirPath = "";
			projectRoot = "";
			targets = (
				F2796167295157A20033584F /* COVID19 */,
				F279617D295157A40033584F /* COVID19Tests */,
				F2796187295157A40033584F /* COVID19UITests */,
			);
		};
/* End PBXProject section */

/* Begin PBXResourcesBuildPhase section */
		F2796166295157A20033584F /* Resources */ = {
			isa = PBXResourcesBuildPhase;
			buildActionMask = 2147483647;
			files = (
				F2796178295157A30033584F /* LaunchScreen.storyboard in Resources */,
				F2796175295157A30033584F /* Assets.xcassets in Resources */,
				F2796173295157A20033584F /* Main.storyboard in Resources */,
			);
			runOnlyForDeploymentPostprocessing = 0;
		};
		F279617C295157A40033584F /* Resources */ = {
			isa = PBXResourcesBuildPhase;
			buildActionMask = 2147483647;
			files = (
			);
			runOnlyForDeploymentPostprocessing = 0;
		};
		F2796186295157A40033584F /* Resources */ = {
			isa = PBXResourcesBuildPhase;
			buildActionMask = 2147483647;
			files = (
			);
			runOnlyForDeploymentPostprocessing = 0;
		};
/* End PBXResourcesBuildPhase section */

/* Begin PBXShellScriptBuildPhase section */
		4221AE6580BC0B53CE89676A /* [CP] Check Pods Manifest.lock */ = {
			isa = PBXShellScriptBuildPhase;
			buildActionMask = 2147483647;
			files = (
			);
			inputFileListPaths = (
			);
			inputPaths = (
				"${PODS_PODFILE_DIR_PATH}/Podfile.lock",
				"${PODS_ROOT}/Manifest.lock",
			);
			name = "[CP] Check Pods Manifest.lock";
			outputFileListPaths = (
			);
			outputPaths = (
				"$(DERIVED_FILE_DIR)/Pods-COVID19Tests-checkManifestLockResult.txt",
			);
			runOnlyForDeploymentPostprocessing = 0;
			shellPath = /bin/sh;
			shellScript = "diff \"${PODS_PODFILE_DIR_PATH}/Podfile.lock\" \"${PODS_ROOT}/Manifest.lock\" > /dev/null\nif [ $? != 0 ] ; then\n    # print error to STDERR\n    echo \"error: The sandbox is not in sync with the Podfile.lock. Run 'pod install' or update your CocoaPods installation.\" >&2\n    exit 1\nfi\n# This output is used by Xcode 'outputs' to avoid re-running this script phase.\necho \"SUCCESS\" > \"${SCRIPT_OUTPUT_FILE_0}\"\n";
			showEnvVarsInLog = 0;
		};
		5219B69CF8F68B60093B87FA /* [CP] Check Pods Manifest.lock */ = {
			isa = PBXShellScriptBuildPhase;
			buildActionMask = 2147483647;
			files = (
			);
			inputFileListPaths = (
			);
			inputPaths = (
				"${PODS_PODFILE_DIR_PATH}/Podfile.lock",
				"${PODS_ROOT}/Manifest.lock",
			);
			name = "[CP] Check Pods Manifest.lock";
			outputFileListPaths = (
			);
			outputPaths = (
				"$(DERIVED_FILE_DIR)/Pods-COVID19-COVID19UITests-checkManifestLockResult.txt",
			);
			runOnlyForDeploymentPostprocessing = 0;
			shellPath = /bin/sh;
			shellScript = "diff \"${PODS_PODFILE_DIR_PATH}/Podfile.lock\" \"${PODS_ROOT}/Manifest.lock\" > /dev/null\nif [ $? != 0 ] ; then\n    # print error to STDERR\n    echo \"error: The sandbox is not in sync with the Podfile.lock. Run 'pod install' or update your CocoaPods installation.\" >&2\n    exit 1\nfi\n# This output is used by Xcode 'outputs' to avoid re-running this script phase.\necho \"SUCCESS\" > \"${SCRIPT_OUTPUT_FILE_0}\"\n";
			showEnvVarsInLog = 0;
		};
		A684BA8F78C6A2BCC49BA6AA /* [CP] Check Pods Manifest.lock */ = {
			isa = PBXShellScriptBuildPhase;
			buildActionMask = 2147483647;
			files = (
			);
			inputFileListPaths = (
			);
			inputPaths = (
				"${PODS_PODFILE_DIR_PATH}/Podfile.lock",
				"${PODS_ROOT}/Manifest.lock",
			);
			name = "[CP] Check Pods Manifest.lock";
			outputFileListPaths = (
			);
			outputPaths = (
				"$(DERIVED_FILE_DIR)/Pods-COVID19-checkManifestLockResult.txt",
			);
			runOnlyForDeploymentPostprocessing = 0;
			shellPath = /bin/sh;
			shellScript = "diff \"${PODS_PODFILE_DIR_PATH}/Podfile.lock\" \"${PODS_ROOT}/Manifest.lock\" > /dev/null\nif [ $? != 0 ] ; then\n    # print error to STDERR\n    echo \"error: The sandbox is not in sync with the Podfile.lock. Run 'pod install' or update your CocoaPods installation.\" >&2\n    exit 1\nfi\n# This output is used by Xcode 'outputs' to avoid re-running this script phase.\necho \"SUCCESS\" > \"${SCRIPT_OUTPUT_FILE_0}\"\n";
			showEnvVarsInLog = 0;
		};
		C9328EA3B21A8FE6FDA2A5ED /* [CP] Embed Pods Frameworks */ = {
			isa = PBXShellScriptBuildPhase;
			buildActionMask = 2147483647;
			files = (
			);
			inputFileListPaths = (
				"${PODS_ROOT}/Target Support Files/Pods-COVID19-COVID19UITests/Pods-COVID19-COVID19UITests-frameworks-${CONFIGURATION}-input-files.xcfilelist",
			);
			name = "[CP] Embed Pods Frameworks";
			outputFileListPaths = (
				"${PODS_ROOT}/Target Support Files/Pods-COVID19-COVID19UITests/Pods-COVID19-COVID19UITests-frameworks-${CONFIGURATION}-output-files.xcfilelist",
			);
			runOnlyForDeploymentPostprocessing = 0;
			shellPath = /bin/sh;
			shellScript = "\"${PODS_ROOT}/Target Support Files/Pods-COVID19-COVID19UITests/Pods-COVID19-COVID19UITests-frameworks.sh\"\n";
			showEnvVarsInLog = 0;
		};
		E300945486096A9C3724D000 /* [CP] Embed Pods Frameworks */ = {
			isa = PBXShellScriptBuildPhase;
			buildActionMask = 2147483647;
			files = (
			);
			inputFileListPaths = (
				"${PODS_ROOT}/Target Support Files/Pods-COVID19/Pods-COVID19-frameworks-${CONFIGURATION}-input-files.xcfilelist",
			);
			name = "[CP] Embed Pods Frameworks";
			outputFileListPaths = (
				"${PODS_ROOT}/Target Support Files/Pods-COVID19/Pods-COVID19-frameworks-${CONFIGURATION}-output-files.xcfilelist",
			);
			runOnlyForDeploymentPostprocessing = 0;
			shellPath = /bin/sh;
			shellScript = "\"${PODS_ROOT}/Target Support Files/Pods-COVID19/Pods-COVID19-frameworks.sh\"\n";
			showEnvVarsInLog = 0;
		};
/* End PBXShellScriptBuildPhase section */

/* Begin PBXSourcesBuildPhase section */
		F2796164295157A20033584F /* Sources */ = {
			isa = PBXSourcesBuildPhase;
			buildActionMask = 2147483647;
			files = (
				F2796170295157A20033584F /* ViewController.swift in Sources */,
				F279616C295157A20033584F /* AppDelegate.swift in Sources */,
				F279616E295157A20033584F /* SceneDelegate.swift in Sources */,
			);
			runOnlyForDeploymentPostprocessing = 0;
		};
		F279617A295157A40033584F /* Sources */ = {
			isa = PBXSourcesBuildPhase;
			buildActionMask = 2147483647;
			files = (
				F2796183295157A40033584F /* COVID19Tests.swift in Sources */,
			);
			runOnlyForDeploymentPostprocessing = 0;
		};
		F2796184295157A40033584F /* Sources */ = {
			isa = PBXSourcesBuildPhase;
			buildActionMask = 2147483647;
			files = (
				F279618F295157A40033584F /* COVID19UITestsLaunchTests.swift in Sources */,
				F279618D295157A40033584F /* COVID19UITests.swift in Sources */,
			);
			runOnlyForDeploymentPostprocessing = 0;
		};
/* End PBXSourcesBuildPhase section */

/* Begin PBXTargetDependency section */
		F2796180295157A40033584F /* PBXTargetDependency */ = {
			isa = PBXTargetDependency;
			target = F2796167295157A20033584F /* COVID19 */;
			targetProxy = F279617F295157A40033584F /* PBXContainerItemProxy */;
		};
		F279618A295157A40033584F /* PBXTargetDependency */ = {
			isa = PBXTargetDependency;
			target = F2796167295157A20033584F /* COVID19 */;
			targetProxy = F2796189295157A40033584F /* PBXContainerItemProxy */;
		};
/* End PBXTargetDependency section */

/* Begin PBXVariantGroup section */
		F2796171295157A20033584F /* Main.storyboard */ = {
			isa = PBXVariantGroup;
			children = (
				F2796172295157A20033584F /* Base */,
			);
			name = Main.storyboard;
			sourceTree = "<group>";
		};
		F2796176295157A30033584F /* LaunchScreen.storyboard */ = {
			isa = PBXVariantGroup;
			children = (
				F2796177295157A30033584F /* Base */,
			);
			name = LaunchScreen.storyboard;
			sourceTree = "<group>";
		};
/* End PBXVariantGroup section */

/* Begin XCBuildConfiguration section */
		F2796190295157A40033584F /* Debug */ = {
			isa = XCBuildConfiguration;
			buildSettings = {
				ALWAYS_SEARCH_USER_PATHS = NO;
				CLANG_ANALYZER_NONNULL = YES;
				CLANG_ANALYZER_NUMBER_OBJECT_CONVERSION = YES_AGGRESSIVE;
				CLANG_CXX_LANGUAGE_STANDARD = "gnu++20";
				CLANG_ENABLE_MODULES = YES;
				CLANG_ENABLE_OBJC_ARC = YES;
				CLANG_ENABLE_OBJC_WEAK = YES;
				CLANG_WARN_BLOCK_CAPTURE_AUTORELEASING = YES;
				CLANG_WARN_BOOL_CONVERSION = YES;
				CLANG_WARN_COMMA = YES;
				CLANG_WARN_CONSTANT_CONVERSION = YES;
				CLANG_WARN_DEPRECATED_OBJC_IMPLEMENTATIONS = YES;
				CLANG_WARN_DIRECT_OBJC_ISA_USAGE = YES_ERROR;
				CLANG_WARN_DOCUMENTATION_COMMENTS = YES;
				CLANG_WARN_EMPTY_BODY = YES;
				CLANG_WARN_ENUM_CONVERSION = YES;
				CLANG_WARN_INFINITE_RECURSION = YES;
				CLANG_WARN_INT_CONVERSION = YES;
				CLANG_WARN_NON_LITERAL_NULL_CONVERSION = YES;
				CLANG_WARN_OBJC_IMPLICIT_RETAIN_SELF = YES;
				CLANG_WARN_OBJC_LITERAL_CONVERSION = YES;
				CLANG_WARN_OBJC_ROOT_CLASS = YES_ERROR;
				CLANG_WARN_QUOTED_INCLUDE_IN_FRAMEWORK_HEADER = YES;
				CLANG_WARN_RANGE_LOOP_ANALYSIS = YES;
				CLANG_WARN_STRICT_PROTOTYPES = YES;
				CLANG_WARN_SUSPICIOUS_MOVE = YES;
				CLANG_WARN_UNGUARDED_AVAILABILITY = YES_AGGRESSIVE;
				CLANG_WARN_UNREACHABLE_CODE = YES;
				CLANG_WARN__DUPLICATE_METHOD_MATCH = YES;
				COPY_PHASE_STRIP = NO;
				DEBUG_INFORMATION_FORMAT = dwarf;
				ENABLE_STRICT_OBJC_MSGSEND = YES;
				ENABLE_TESTABILITY = YES;
				GCC_C_LANGUAGE_STANDARD = gnu11;
				GCC_DYNAMIC_NO_PIC = NO;
				GCC_NO_COMMON_BLOCKS = YES;
				GCC_OPTIMIZATION_LEVEL = 0;
				GCC_PREPROCESSOR_DEFINITIONS = (
					"DEBUG=1",
					"$(inherited)",
				);
				GCC_WARN_64_TO_32_BIT_CONVERSION = YES;
				GCC_WARN_ABOUT_RETURN_TYPE = YES_ERROR;
				GCC_WARN_UNDECLARED_SELECTOR = YES;
				GCC_WARN_UNINITIALIZED_AUTOS = YES_AGGRESSIVE;
				GCC_WARN_UNUSED_FUNCTION = YES;
				GCC_WARN_UNUSED_VARIABLE = YES;
				IPHONEOS_DEPLOYMENT_TARGET = 16.0;
				MTL_ENABLE_DEBUG_INFO = INCLUDE_SOURCE;
				MTL_FAST_MATH = YES;
				ONLY_ACTIVE_ARCH = YES;
				SDKROOT = iphoneos;
				SWIFT_ACTIVE_COMPILATION_CONDITIONS = DEBUG;
				SWIFT_OPTIMIZATION_LEVEL = "-Onone";
			};
			name = Debug;
		};
		F2796191295157A40033584F /* Release */ = {
			isa = XCBuildConfiguration;
			buildSettings = {
				ALWAYS_SEARCH_USER_PATHS = NO;
				CLANG_ANALYZER_NONNULL = YES;
				CLANG_ANALYZER_NUMBER_OBJECT_CONVERSION = YES_AGGRESSIVE;
				CLANG_CXX_LANGUAGE_STANDARD = "gnu++20";
				CLANG_ENABLE_MODULES = YES;
				CLANG_ENABLE_OBJC_ARC = YES;
				CLANG_ENABLE_OBJC_WEAK = YES;
				CLANG_WARN_BLOCK_CAPTURE_AUTORELEASING = YES;
				CLANG_WARN_BOOL_CONVERSION = YES;
				CLANG_WARN_COMMA = YES;
				CLANG_WARN_CONSTANT_CONVERSION = YES;
				CLANG_WARN_DEPRECATED_OBJC_IMPLEMENTATIONS = YES;
				CLANG_WARN_DIRECT_OBJC_ISA_USAGE = YES_ERROR;
				CLANG_WARN_DOCUMENTATION_COMMENTS = YES;
				CLANG_WARN_EMPTY_BODY = YES;
				CLANG_WARN_ENUM_CONVERSION = YES;
				CLANG_WARN_INFINITE_RECURSION = YES;
				CLANG_WARN_INT_CONVERSION = YES;
				CLANG_WARN_NON_LITERAL_NULL_CONVERSION = YES;
				CLANG_WARN_OBJC_IMPLICIT_RETAIN_SELF = YES;
				CLANG_WARN_OBJC_LITERAL_CONVERSION = YES;
				CLANG_WARN_OBJC_ROOT_CLASS = YES_ERROR;
				CLANG_WARN_QUOTED_INCLUDE_IN_FRAMEWORK_HEADER = YES;
				CLANG_WARN_RANGE_LOOP_ANALYSIS = YES;
				CLANG_WARN_STRICT_PROTOTYPES = YES;
				CLANG_WARN_SUSPICIOUS_MOVE = YES;
				CLANG_WARN_UNGUARDED_AVAILABILITY = YES_AGGRESSIVE;
				CLANG_WARN_UNREACHABLE_CODE = YES;
				CLANG_WARN__DUPLICATE_METHOD_MATCH = YES;
				COPY_PHASE_STRIP = NO;
				DEBUG_INFORMATION_FORMAT = "dwarf-with-dsym";
				ENABLE_NS_ASSERTIONS = NO;
				ENABLE_STRICT_OBJC_MSGSEND = YES;
				GCC_C_LANGUAGE_STANDARD = gnu11;
				GCC_NO_COMMON_BLOCKS = YES;
				GCC_WARN_64_TO_32_BIT_CONVERSION = YES;
				GCC_WARN_ABOUT_RETURN_TYPE = YES_ERROR;
				GCC_WARN_UNDECLARED_SELECTOR = YES;
				GCC_WARN_UNINITIALIZED_AUTOS = YES_AGGRESSIVE;
				GCC_WARN_UNUSED_FUNCTION = YES;
				GCC_WARN_UNUSED_VARIABLE = YES;
				IPHONEOS_DEPLOYMENT_TARGET = 16.0;
				MTL_ENABLE_DEBUG_INFO = NO;
				MTL_FAST_MATH = YES;
				SDKROOT = iphoneos;
				SWIFT_COMPILATION_MODE = wholemodule;
				SWIFT_OPTIMIZATION_LEVEL = "-O";
				VALIDATE_PRODUCT = YES;
			};
			name = Release;
		};
		F2796193295157A40033584F /* Debug */ = {
			isa = XCBuildConfiguration;
			baseConfigurationReference = FBF84555FC3F183CF677D447 /* Pods-COVID19.debug.xcconfig */;
			buildSettings = {
				ASSETCATALOG_COMPILER_APPICON_NAME = AppIcon;
				ASSETCATALOG_COMPILER_GLOBAL_ACCENT_COLOR_NAME = AccentColor;
				CODE_SIGN_STYLE = Automatic;
				CURRENT_PROJECT_VERSION = 1;
				DEVELOPMENT_TEAM = 4QCSG92KD9;
				GENERATE_INFOPLIST_FILE = YES;
				INFOPLIST_FILE = COVID19/Info.plist;
				INFOPLIST_KEY_UIApplicationSupportsIndirectInputEvents = YES;
				INFOPLIST_KEY_UILaunchStoryboardName = LaunchScreen;
				INFOPLIST_KEY_UIMainStoryboardFile = Main;
				INFOPLIST_KEY_UISupportedInterfaceOrientations_iPad = "UIInterfaceOrientationPortrait UIInterfaceOrientationPortraitUpsideDown UIInterfaceOrientationLandscapeLeft UIInterfaceOrientationLandscapeRight";
				INFOPLIST_KEY_UISupportedInterfaceOrientations_iPhone = "UIInterfaceOrientationPortrait UIInterfaceOrientationLandscapeLeft UIInterfaceOrientationLandscapeRight";
				LD_RUNPATH_SEARCH_PATHS = (
					"$(inherited)",
					"@executable_path/Frameworks",
				);
				MARKETING_VERSION = 1.0;
				PRODUCT_BUNDLE_IDENTIFIER = com.example.COVID19;
				PRODUCT_NAME = "$(TARGET_NAME)";
				SWIFT_EMIT_LOC_STRINGS = YES;
				SWIFT_VERSION = 5.0;
				TARGETED_DEVICE_FAMILY = "1,2";
			};
			name = Debug;
		};
		F2796194295157A40033584F /* Release */ = {
			isa = XCBuildConfiguration;
			baseConfigurationReference = 5C9E04D402941DE987AB30DE /* Pods-COVID19.release.xcconfig */;
			buildSettings = {
				ASSETCATALOG_COMPILER_APPICON_NAME = AppIcon;
				ASSETCATALOG_COMPILER_GLOBAL_ACCENT_COLOR_NAME = AccentColor;
				CODE_SIGN_STYLE = Automatic;
				CURRENT_PROJECT_VERSION = 1;
				DEVELOPMENT_TEAM = 4QCSG92KD9;
				GENERATE_INFOPLIST_FILE = YES;
				INFOPLIST_FILE = COVID19/Info.plist;
				INFOPLIST_KEY_UIApplicationSupportsIndirectInputEvents = YES;
				INFOPLIST_KEY_UILaunchStoryboardName = LaunchScreen;
				INFOPLIST_KEY_UIMainStoryboardFile = Main;
				INFOPLIST_KEY_UISupportedInterfaceOrientations_iPad = "UIInterfaceOrientationPortrait UIInterfaceOrientationPortraitUpsideDown UIInterfaceOrientationLandscapeLeft UIInterfaceOrientationLandscapeRight";
				INFOPLIST_KEY_UISupportedInterfaceOrientations_iPhone = "UIInterfaceOrientationPortrait UIInterfaceOrientationLandscapeLeft UIInterfaceOrientationLandscapeRight";
				LD_RUNPATH_SEARCH_PATHS = (
					"$(inherited)",
					"@executable_path/Frameworks",
				);
				MARKETING_VERSION = 1.0;
				PRODUCT_BUNDLE_IDENTIFIER = com.example.COVID19;
				PRODUCT_NAME = "$(TARGET_NAME)";
				SWIFT_EMIT_LOC_STRINGS = YES;
				SWIFT_VERSION = 5.0;
				TARGETED_DEVICE_FAMILY = "1,2";
			};
			name = Release;
		};
		F2796196295157A40033584F /* Debug */ = {
			isa = XCBuildConfiguration;
			baseConfigurationReference = AAC0FD98D9C3D0E550D0D6F6 /* Pods-COVID19Tests.debug.xcconfig */;
			buildSettings = {
				ALWAYS_EMBED_SWIFT_STANDARD_LIBRARIES = YES;
				BUNDLE_LOADER = "$(TEST_HOST)";
				CODE_SIGN_STYLE = Automatic;
				CURRENT_PROJECT_VERSION = 1;
				DEVELOPMENT_TEAM = 4QCSG92KD9;
				GENERATE_INFOPLIST_FILE = YES;
				IPHONEOS_DEPLOYMENT_TARGET = 16.0;
				MARKETING_VERSION = 1.0;
				PRODUCT_BUNDLE_IDENTIFIER = com.example.COVID19Tests;
				PRODUCT_NAME = "$(TARGET_NAME)";
				SWIFT_EMIT_LOC_STRINGS = NO;
				SWIFT_VERSION = 5.0;
				TARGETED_DEVICE_FAMILY = "1,2";
				TEST_HOST = "$(BUILT_PRODUCTS_DIR)/COVID19.app/$(BUNDLE_EXECUTABLE_FOLDER_PATH)/COVID19";
			};
			name = Debug;
		};
		F2796197295157A40033584F /* Release */ = {
			isa = XCBuildConfiguration;
			baseConfigurationReference = 31A6FF1C0EE34C1AF79A2D65 /* Pods-COVID19Tests.release.xcconfig */;
			buildSettings = {
				ALWAYS_EMBED_SWIFT_STANDARD_LIBRARIES = YES;
				BUNDLE_LOADER = "$(TEST_HOST)";
				CODE_SIGN_STYLE = Automatic;
				CURRENT_PROJECT_VERSION = 1;
				DEVELOPMENT_TEAM = 4QCSG92KD9;
				GENERATE_INFOPLIST_FILE = YES;
				IPHONEOS_DEPLOYMENT_TARGET = 16.0;
				MARKETING_VERSION = 1.0;
				PRODUCT_BUNDLE_IDENTIFIER = com.example.COVID19Tests;
				PRODUCT_NAME = "$(TARGET_NAME)";
				SWIFT_EMIT_LOC_STRINGS = NO;
				SWIFT_VERSION = 5.0;
				TARGETED_DEVICE_FAMILY = "1,2";
				TEST_HOST = "$(BUILT_PRODUCTS_DIR)/COVID19.app/$(BUNDLE_EXECUTABLE_FOLDER_PATH)/COVID19";
			};
			name = Release;
		};
		F2796199295157A40033584F /* Debug */ = {
			isa = XCBuildConfiguration;
			baseConfigurationReference = E3A7A5270F2F91A63AEAC0D7 /* Pods-COVID19-COVID19UITests.debug.xcconfig */;
			buildSettings = {
				ALWAYS_EMBED_SWIFT_STANDARD_LIBRARIES = YES;
				CODE_SIGN_STYLE = Automatic;
				CURRENT_PROJECT_VERSION = 1;
				DEVELOPMENT_TEAM = 4QCSG92KD9;
				GENERATE_INFOPLIST_FILE = YES;
				MARKETING_VERSION = 1.0;
				PRODUCT_BUNDLE_IDENTIFIER = com.example.COVID19UITests;
				PRODUCT_NAME = "$(TARGET_NAME)";
				SWIFT_EMIT_LOC_STRINGS = NO;
				SWIFT_VERSION = 5.0;
				TARGETED_DEVICE_FAMILY = "1,2";
				TEST_TARGET_NAME = COVID19;
			};
			name = Debug;
		};
		F279619A295157A40033584F /* Release */ = {
			isa = XCBuildConfiguration;
			baseConfigurationReference = B98CE98C163E1CD0FA7A6CA9 /* Pods-COVID19-COVID19UITests.release.xcconfig */;
			buildSettings = {
				ALWAYS_EMBED_SWIFT_STANDARD_LIBRARIES = YES;
				CODE_SIGN_STYLE = Automatic;
				CURRENT_PROJECT_VERSION = 1;
				DEVELOPMENT_TEAM = 4QCSG92KD9;
				GENERATE_INFOPLIST_FILE = YES;
				MARKETING_VERSION = 1.0;
				PRODUCT_BUNDLE_IDENTIFIER = com.example.COVID19UITests;
				PRODUCT_NAME = "$(TARGET_NAME)";
				SWIFT_EMIT_LOC_STRINGS = NO;
				SWIFT_VERSION = 5.0;
				TARGETED_DEVICE_FAMILY = "1,2";
				TEST_TARGET_NAME = COVID19;
			};
			name = Release;
		};
/* End XCBuildConfiguration section */

/* Begin XCConfigurationList section */
		F2796163295157A20033584F /* Build configuration list for PBXProject "COVID19" */ = {
			isa = XCConfigurationList;
			buildConfigurations = (
				F2796190295157A40033584F /* Debug */,
				F2796191295157A40033584F /* Release */,
			);
			defaultConfigurationIsVisible = 0;
			defaultConfigurationName = Release;
		};
		F2796192295157A40033584F /* Build configuration list for PBXNativeTarget "COVID19" */ = {
			isa = XCConfigurationList;
			buildConfigurations = (
				F2796193295157A40033584F /* Debug */,
				F2796194295157A40033584F /* Release */,
			);
			defaultConfigurationIsVisible = 0;
			defaultConfigurationName = Release;
		};
		F2796195295157A40033584F /* Build configuration list for PBXNativeTarget "COVID19Tests" */ = {
			isa = XCConfigurationList;
			buildConfigurations = (
				F2796196295157A40033584F /* Debug */,
				F2796197295157A40033584F /* Release */,
			);
			defaultConfigurationIsVisible = 0;
			defaultConfigurationName = Release;
		};
		F2796198295157A40033584F /* Build configuration list for PBXNativeTarget "COVID19UITests" */ = {
			isa = XCConfigurationList;
			buildConfigurations = (
				F2796199295157A40033584F /* Debug */,
				F279619A295157A40033584F /* Release */,
			);
			defaultConfigurationIsVisible = 0;
			defaultConfigurationName = Release;
		};
/* End XCConfigurationList section */
	};
	rootObject = F2796160295157A20033584F /* Project object */;
}
