// !$*UTF8*$!
{
	archiveVersion = 1;
	classes = {
	};
	objectVersion = 56;
	objects = {

/* Begin PBXBuildFile section */
		F2E8B9DA293DC89E001E9C6D /* AppDelegate.swift in Sources */ = {isa = PBXBuildFile; fileRef = F2E8B9D9293DC89E001E9C6D /* AppDelegate.swift */; };
		F2E8B9DC293DC89E001E9C6D /* SceneDelegate.swift in Sources */ = {isa = PBXBuildFile; fileRef = F2E8B9DB293DC89E001E9C6D /* SceneDelegate.swift */; };
		F2E8B9DE293DC89E001E9C6D /* ViewController.swift in Sources */ = {isa = PBXBuildFile; fileRef = F2E8B9DD293DC89E001E9C6D /* ViewController.swift */; };
		F2E8B9E1293DC89E001E9C6D /* Main.storyboard in Resources */ = {isa = PBXBuildFile; fileRef = F2E8B9DF293DC89E001E9C6D /* Main.storyboard */; };
		F2E8B9E3293DC89E001E9C6D /* Assets.xcassets in Resources */ = {isa = PBXBuildFile; fileRef = F2E8B9E2293DC89E001E9C6D /* Assets.xcassets */; };
		F2E8B9E6293DC89E001E9C6D /* LaunchScreen.storyboard in Resources */ = {isa = PBXBuildFile; fileRef = F2E8B9E4293DC89E001E9C6D /* LaunchScreen.storyboard */; };
		F2E8B9F1293DC89E001E9C6D /* pomodoroTests.swift in Sources */ = {isa = PBXBuildFile; fileRef = F2E8B9F0293DC89E001E9C6D /* pomodoroTests.swift */; };
		F2E8B9FB293DC89E001E9C6D /* pomodoroUITests.swift in Sources */ = {isa = PBXBuildFile; fileRef = F2E8B9FA293DC89E001E9C6D /* pomodoroUITests.swift */; };
		F2E8B9FD293DC89E001E9C6D /* pomodoroUITestsLaunchTests.swift in Sources */ = {isa = PBXBuildFile; fileRef = F2E8B9FC293DC89E001E9C6D /* pomodoroUITestsLaunchTests.swift */; };
/* End PBXBuildFile section */

/* Begin PBXContainerItemProxy section */
		F2E8B9ED293DC89E001E9C6D /* PBXContainerItemProxy */ = {
			isa = PBXContainerItemProxy;
			containerPortal = F2E8B9CE293DC89E001E9C6D /* Project object */;
			proxyType = 1;
			remoteGlobalIDString = F2E8B9D5293DC89E001E9C6D;
			remoteInfo = pomodoro;
		};
		F2E8B9F7293DC89E001E9C6D /* PBXContainerItemProxy */ = {
			isa = PBXContainerItemProxy;
			containerPortal = F2E8B9CE293DC89E001E9C6D /* Project object */;
			proxyType = 1;
			remoteGlobalIDString = F2E8B9D5293DC89E001E9C6D;
			remoteInfo = pomodoro;
		};
/* End PBXContainerItemProxy section */

/* Begin PBXFileReference section */
		F2E8B9D6293DC89E001E9C6D /* pomodoro.app */ = {isa = PBXFileReference; explicitFileType = wrapper.application; includeInIndex = 0; path = pomodoro.app; sourceTree = BUILT_PRODUCTS_DIR; };
		F2E8B9D9293DC89E001E9C6D /* AppDelegate.swift */ = {isa = PBXFileReference; lastKnownFileType = sourcecode.swift; path = AppDelegate.swift; sourceTree = "<group>"; };
		F2E8B9DB293DC89E001E9C6D /* SceneDelegate.swift */ = {isa = PBXFileReference; lastKnownFileType = sourcecode.swift; path = SceneDelegate.swift; sourceTree = "<group>"; };
		F2E8B9DD293DC89E001E9C6D /* ViewController.swift */ = {isa = PBXFileReference; lastKnownFileType = sourcecode.swift; path = ViewController.swift; sourceTree = "<group>"; };
		F2E8B9E0293DC89E001E9C6D /* Base */ = {isa = PBXFileReference; lastKnownFileType = file.storyboard; name = Base; path = Base.lproj/Main.storyboard; sourceTree = "<group>"; };
		F2E8B9E2293DC89E001E9C6D /* Assets.xcassets */ = {isa = PBXFileReference; lastKnownFileType = folder.assetcatalog; path = Assets.xcassets; sourceTree = "<group>"; };
		F2E8B9E5293DC89E001E9C6D /* Base */ = {isa = PBXFileReference; lastKnownFileType = file.storyboard; name = Base; path = Base.lproj/LaunchScreen.storyboard; sourceTree = "<group>"; };
		F2E8B9E7293DC89E001E9C6D /* Info.plist */ = {isa = PBXFileReference; lastKnownFileType = text.plist.xml; path = Info.plist; sourceTree = "<group>"; };
		F2E8B9EC293DC89E001E9C6D /* pomodoroTests.xctest */ = {isa = PBXFileReference; explicitFileType = wrapper.cfbundle; includeInIndex = 0; path = pomodoroTests.xctest; sourceTree = BUILT_PRODUCTS_DIR; };
		F2E8B9F0293DC89E001E9C6D /* pomodoroTests.swift */ = {isa = PBXFileReference; lastKnownFileType = sourcecode.swift; path = pomodoroTests.swift; sourceTree = "<group>"; };
		F2E8B9F6293DC89E001E9C6D /* pomodoroUITests.xctest */ = {isa = PBXFileReference; explicitFileType = wrapper.cfbundle; includeInIndex = 0; path = pomodoroUITests.xctest; sourceTree = BUILT_PRODUCTS_DIR; };
		F2E8B9FA293DC89E001E9C6D /* pomodoroUITests.swift */ = {isa = PBXFileReference; lastKnownFileType = sourcecode.swift; path = pomodoroUITests.swift; sourceTree = "<group>"; };
		F2E8B9FC293DC89E001E9C6D /* pomodoroUITestsLaunchTests.swift */ = {isa = PBXFileReference; lastKnownFileType = sourcecode.swift; path = pomodoroUITestsLaunchTests.swift; sourceTree = "<group>"; };
/* End PBXFileReference section */

/* Begin PBXFrameworksBuildPhase section */
		F2E8B9D3293DC89E001E9C6D /* Frameworks */ = {
			isa = PBXFrameworksBuildPhase;
			buildActionMask = 2147483647;
			files = (
			);
			runOnlyForDeploymentPostprocessing = 0;
		};
		F2E8B9E9293DC89E001E9C6D /* Frameworks */ = {
			isa = PBXFrameworksBuildPhase;
			buildActionMask = 2147483647;
			files = (
			);
			runOnlyForDeploymentPostprocessing = 0;
		};
		F2E8B9F3293DC89E001E9C6D /* Frameworks */ = {
			isa = PBXFrameworksBuildPhase;
			buildActionMask = 2147483647;
			files = (
			);
			runOnlyForDeploymentPostprocessing = 0;
		};
/* End PBXFrameworksBuildPhase section */

/* Begin PBXGroup section */
		F2E8B9CD293DC89E001E9C6D = {
			isa = PBXGroup;
			children = (
				F2E8B9D8293DC89E001E9C6D /* pomodoro */,
				F2E8B9EF293DC89E001E9C6D /* pomodoroTests */,
				F2E8B9F9293DC89E001E9C6D /* pomodoroUITests */,
				F2E8B9D7293DC89E001E9C6D /* Products */,
			);
			sourceTree = "<group>";
		};
		F2E8B9D7293DC89E001E9C6D /* Products */ = {
			isa = PBXGroup;
			children = (
				F2E8B9D6293DC89E001E9C6D /* pomodoro.app */,
				F2E8B9EC293DC89E001E9C6D /* pomodoroTests.xctest */,
				F2E8B9F6293DC89E001E9C6D /* pomodoroUITests.xctest */,
			);
			name = Products;
			sourceTree = "<group>";
		};
		F2E8B9D8293DC89E001E9C6D /* pomodoro */ = {
			isa = PBXGroup;
			children = (
				F2E8B9D9293DC89E001E9C6D /* AppDelegate.swift */,
				F2E8B9DB293DC89E001E9C6D /* SceneDelegate.swift */,
				F2E8B9DD293DC89E001E9C6D /* ViewController.swift */,
				F2E8B9DF293DC89E001E9C6D /* Main.storyboard */,
				F2E8B9E2293DC89E001E9C6D /* Assets.xcassets */,
				F2E8B9E4293DC89E001E9C6D /* LaunchScreen.storyboard */,
				F2E8B9E7293DC89E001E9C6D /* Info.plist */,
			);
			path = pomodoro;
			sourceTree = "<group>";
		};
		F2E8B9EF293DC89E001E9C6D /* pomodoroTests */ = {
			isa = PBXGroup;
			children = (
				F2E8B9F0293DC89E001E9C6D /* pomodoroTests.swift */,
			);
			path = pomodoroTests;
			sourceTree = "<group>";
		};
		F2E8B9F9293DC89E001E9C6D /* pomodoroUITests */ = {
			isa = PBXGroup;
			children = (
				F2E8B9FA293DC89E001E9C6D /* pomodoroUITests.swift */,
				F2E8B9FC293DC89E001E9C6D /* pomodoroUITestsLaunchTests.swift */,
			);
			path = pomodoroUITests;
			sourceTree = "<group>";
		};
/* End PBXGroup section */

/* Begin PBXNativeTarget section */
		F2E8B9D5293DC89E001E9C6D /* pomodoro */ = {
			isa = PBXNativeTarget;
			buildConfigurationList = F2E8BA00293DC89E001E9C6D /* Build configuration list for PBXNativeTarget "pomodoro" */;
			buildPhases = (
				F2E8B9D2293DC89E001E9C6D /* Sources */,
				F2E8B9D3293DC89E001E9C6D /* Frameworks */,
				F2E8B9D4293DC89E001E9C6D /* Resources */,
			);
			buildRules = (
			);
			dependencies = (
			);
			name = pomodoro;
			productName = pomodoro;
			productReference = F2E8B9D6293DC89E001E9C6D /* pomodoro.app */;
			productType = "com.apple.product-type.application";
		};
		F2E8B9EB293DC89E001E9C6D /* pomodoroTests */ = {
			isa = PBXNativeTarget;
			buildConfigurationList = F2E8BA03293DC89E001E9C6D /* Build configuration list for PBXNativeTarget "pomodoroTests" */;
			buildPhases = (
				F2E8B9E8293DC89E001E9C6D /* Sources */,
				F2E8B9E9293DC89E001E9C6D /* Frameworks */,
				F2E8B9EA293DC89E001E9C6D /* Resources */,
			);
			buildRules = (
			);
			dependencies = (
				F2E8B9EE293DC89E001E9C6D /* PBXTargetDependency */,
			);
			name = pomodoroTests;
			productName = pomodoroTests;
			productReference = F2E8B9EC293DC89E001E9C6D /* pomodoroTests.xctest */;
			productType = "com.apple.product-type.bundle.unit-test";
		};
		F2E8B9F5293DC89E001E9C6D /* pomodoroUITests */ = {
			isa = PBXNativeTarget;
			buildConfigurationList = F2E8BA06293DC89E001E9C6D /* Build configuration list for PBXNativeTarget "pomodoroUITests" */;
			buildPhases = (
				F2E8B9F2293DC89E001E9C6D /* Sources */,
				F2E8B9F3293DC89E001E9C6D /* Frameworks */,
				F2E8B9F4293DC89E001E9C6D /* Resources */,
			);
			buildRules = (
			);
			dependencies = (
				F2E8B9F8293DC89E001E9C6D /* PBXTargetDependency */,
			);
			name = pomodoroUITests;
			productName = pomodoroUITests;
			productReference = F2E8B9F6293DC89E001E9C6D /* pomodoroUITests.xctest */;
			productType = "com.apple.product-type.bundle.ui-testing";
		};
/* End PBXNativeTarget section */

/* Begin PBXProject section */
		F2E8B9CE293DC89E001E9C6D /* Project object */ = {
			isa = PBXProject;
			attributes = {
				BuildIndependentTargetsInParallel = 1;
				LastSwiftUpdateCheck = 1400;
				LastUpgradeCheck = 1400;
				TargetAttributes = {
					F2E8B9D5293DC89E001E9C6D = {
						CreatedOnToolsVersion = 14.0.1;
					};
					F2E8B9EB293DC89E001E9C6D = {
						CreatedOnToolsVersion = 14.0.1;
						TestTargetID = F2E8B9D5293DC89E001E9C6D;
					};
					F2E8B9F5293DC89E001E9C6D = {
						CreatedOnToolsVersion = 14.0.1;
						TestTargetID = F2E8B9D5293DC89E001E9C6D;
					};
				};
			};
			buildConfigurationList = F2E8B9D1293DC89E001E9C6D /* Build configuration list for PBXProject "pomodoro" */;
			compatibilityVersion = "Xcode 14.0";
			developmentRegion = en;
			hasScannedForEncodings = 0;
			knownRegions = (
				en,
				Base,
			);
			mainGroup = F2E8B9CD293DC89E001E9C6D;
			productRefGroup = F2E8B9D7293DC89E001E9C6D /* Products */;
			projectDirPath = "";
			projectRoot = "";
			targets = (
				F2E8B9D5293DC89E001E9C6D /* pomodoro */,
				F2E8B9EB293DC89E001E9C6D /* pomodoroTests */,
				F2E8B9F5293DC89E001E9C6D /* pomodoroUITests */,
			);
		};
/* End PBXProject section */

/* Begin PBXResourcesBuildPhase section */
		F2E8B9D4293DC89E001E9C6D /* Resources */ = {
			isa = PBXResourcesBuildPhase;
			buildActionMask = 2147483647;
			files = (
				F2E8B9E6293DC89E001E9C6D /* LaunchScreen.storyboard in Resources */,
				F2E8B9E3293DC89E001E9C6D /* Assets.xcassets in Resources */,
				F2E8B9E1293DC89E001E9C6D /* Main.storyboard in Resources */,
			);
			runOnlyForDeploymentPostprocessing = 0;
		};
		F2E8B9EA293DC89E001E9C6D /* Resources */ = {
			isa = PBXResourcesBuildPhase;
			buildActionMask = 2147483647;
			files = (
			);
			runOnlyForDeploymentPostprocessing = 0;
		};
		F2E8B9F4293DC89E001E9C6D /* Resources */ = {
			isa = PBXResourcesBuildPhase;
			buildActionMask = 2147483647;
			files = (
			);
			runOnlyForDeploymentPostprocessing = 0;
		};
/* End PBXResourcesBuildPhase section */

/* Begin PBXSourcesBuildPhase section */
		F2E8B9D2293DC89E001E9C6D /* Sources */ = {
			isa = PBXSourcesBuildPhase;
			buildActionMask = 2147483647;
			files = (
				F2E8B9DE293DC89E001E9C6D /* ViewController.swift in Sources */,
				F2E8B9DA293DC89E001E9C6D /* AppDelegate.swift in Sources */,
				F2E8B9DC293DC89E001E9C6D /* SceneDelegate.swift in Sources */,
			);
			runOnlyForDeploymentPostprocessing = 0;
		};
		F2E8B9E8293DC89E001E9C6D /* Sources */ = {
			isa = PBXSourcesBuildPhase;
			buildActionMask = 2147483647;
			files = (
				F2E8B9F1293DC89E001E9C6D /* pomodoroTests.swift in Sources */,
			);
			runOnlyForDeploymentPostprocessing = 0;
		};
		F2E8B9F2293DC89E001E9C6D /* Sources */ = {
			isa = PBXSourcesBuildPhase;
			buildActionMask = 2147483647;
			files = (
				F2E8B9FD293DC89E001E9C6D /* pomodoroUITestsLaunchTests.swift in Sources */,
				F2E8B9FB293DC89E001E9C6D /* pomodoroUITests.swift in Sources */,
			);
			runOnlyForDeploymentPostprocessing = 0;
		};
/* End PBXSourcesBuildPhase section */

/* Begin PBXTargetDependency section */
		F2E8B9EE293DC89E001E9C6D /* PBXTargetDependency */ = {
			isa = PBXTargetDependency;
			target = F2E8B9D5293DC89E001E9C6D /* pomodoro */;
			targetProxy = F2E8B9ED293DC89E001E9C6D /* PBXContainerItemProxy */;
		};
		F2E8B9F8293DC89E001E9C6D /* PBXTargetDependency */ = {
			isa = PBXTargetDependency;
			target = F2E8B9D5293DC89E001E9C6D /* pomodoro */;
			targetProxy = F2E8B9F7293DC89E001E9C6D /* PBXContainerItemProxy */;
		};
/* End PBXTargetDependency section */

/* Begin PBXVariantGroup section */
		F2E8B9DF293DC89E001E9C6D /* Main.storyboard */ = {
			isa = PBXVariantGroup;
			children = (
				F2E8B9E0293DC89E001E9C6D /* Base */,
			);
			name = Main.storyboard;
			sourceTree = "<group>";
		};
		F2E8B9E4293DC89E001E9C6D /* LaunchScreen.storyboard */ = {
			isa = PBXVariantGroup;
			children = (
				F2E8B9E5293DC89E001E9C6D /* Base */,
			);
			name = LaunchScreen.storyboard;
			sourceTree = "<group>";
		};
/* End PBXVariantGroup section */

/* Begin XCBuildConfiguration section */
		F2E8B9FE293DC89E001E9C6D /* Debug */ = {
			isa = XCBuildConfiguration;
			buildSettings = {
				ALWAYS_SEARCH_USER_PATHS = NO;
				CLANG_ANALYZER_NONNULL = YES;
				CLANG_ANALYZER_NUMBER_OBJECT_CONVERSION = YES_AGGRESSIVE;
				CLANG_CXX_LANGUAGE_STANDARD = "gnu++20";
				CLANG_ENABLE_MODULES = YES;
				CLANG_ENABLE_OBJC_ARC = YES;
				CLANG_ENABLE_OBJC_WEAK = YES;
				CLANG_WARN_BLOCK_CAPTURE_AUTORELEASING = YES;
				CLANG_WARN_BOOL_CONVERSION = YES;
				CLANG_WARN_COMMA = YES;
				CLANG_WARN_CONSTANT_CONVERSION = YES;
				CLANG_WARN_DEPRECATED_OBJC_IMPLEMENTATIONS = YES;
				CLANG_WARN_DIRECT_OBJC_ISA_USAGE = YES_ERROR;
				CLANG_WARN_DOCUMENTATION_COMMENTS = YES;
				CLANG_WARN_EMPTY_BODY = YES;
				CLANG_WARN_ENUM_CONVERSION = YES;
				CLANG_WARN_INFINITE_RECURSION = YES;
				CLANG_WARN_INT_CONVERSION = YES;
				CLANG_WARN_NON_LITERAL_NULL_CONVERSION = YES;
				CLANG_WARN_OBJC_IMPLICIT_RETAIN_SELF = YES;
				CLANG_WARN_OBJC_LITERAL_CONVERSION = YES;
				CLANG_WARN_OBJC_ROOT_CLASS = YES_ERROR;
				CLANG_WARN_QUOTED_INCLUDE_IN_FRAMEWORK_HEADER = YES;
				CLANG_WARN_RANGE_LOOP_ANALYSIS = YES;
				CLANG_WARN_STRICT_PROTOTYPES = YES;
				CLANG_WARN_SUSPICIOUS_MOVE = YES;
				CLANG_WARN_UNGUARDED_AVAILABILITY = YES_AGGRESSIVE;
				CLANG_WARN_UNREACHABLE_CODE = YES;
				CLANG_WARN__DUPLICATE_METHOD_MATCH = YES;
				COPY_PHASE_STRIP = NO;
				DEBUG_INFORMATION_FORMAT = dwarf;
				ENABLE_STRICT_OBJC_MSGSEND = YES;
				ENABLE_TESTABILITY = YES;
				GCC_C_LANGUAGE_STANDARD = gnu11;
				GCC_DYNAMIC_NO_PIC = NO;
				GCC_NO_COMMON_BLOCKS = YES;
				GCC_OPTIMIZATION_LEVEL = 0;
				GCC_PREPROCESSOR_DEFINITIONS = (
					"DEBUG=1",
					"$(inherited)",
				);
				GCC_WARN_64_TO_32_BIT_CONVERSION = YES;
				GCC_WARN_ABOUT_RETURN_TYPE = YES_ERROR;
				GCC_WARN_UNDECLARED_SELECTOR = YES;
				GCC_WARN_UNINITIALIZED_AUTOS = YES_AGGRESSIVE;
				GCC_WARN_UNUSED_FUNCTION = YES;
				GCC_WARN_UNUSED_VARIABLE = YES;
				IPHONEOS_DEPLOYMENT_TARGET = 16.0;
				MTL_ENABLE_DEBUG_INFO = INCLUDE_SOURCE;
				MTL_FAST_MATH = YES;
				ONLY_ACTIVE_ARCH = YES;
				SDKROOT = iphoneos;
				SWIFT_ACTIVE_COMPILATION_CONDITIONS = DEBUG;
				SWIFT_OPTIMIZATION_LEVEL = "-Onone";
			};
			name = Debug;
		};
		F2E8B9FF293DC89E001E9C6D /* Release */ = {
			isa = XCBuildConfiguration;
			buildSettings = {
				ALWAYS_SEARCH_USER_PATHS = NO;
				CLANG_ANALYZER_NONNULL = YES;
				CLANG_ANALYZER_NUMBER_OBJECT_CONVERSION = YES_AGGRESSIVE;
				CLANG_CXX_LANGUAGE_STANDARD = "gnu++20";
				CLANG_ENABLE_MODULES = YES;
				CLANG_ENABLE_OBJC_ARC = YES;
				CLANG_ENABLE_OBJC_WEAK = YES;
				CLANG_WARN_BLOCK_CAPTURE_AUTORELEASING = YES;
				CLANG_WARN_BOOL_CONVERSION = YES;
				CLANG_WARN_COMMA = YES;
				CLANG_WARN_CONSTANT_CONVERSION = YES;
				CLANG_WARN_DEPRECATED_OBJC_IMPLEMENTATIONS = YES;
				CLANG_WARN_DIRECT_OBJC_ISA_USAGE = YES_ERROR;
				CLANG_WARN_DOCUMENTATION_COMMENTS = YES;
				CLANG_WARN_EMPTY_BODY = YES;
				CLANG_WARN_ENUM_CONVERSION = YES;
				CLANG_WARN_INFINITE_RECURSION = YES;
				CLANG_WARN_INT_CONVERSION = YES;
				CLANG_WARN_NON_LITERAL_NULL_CONVERSION = YES;
				CLANG_WARN_OBJC_IMPLICIT_RETAIN_SELF = YES;
				CLANG_WARN_OBJC_LITERAL_CONVERSION = YES;
				CLANG_WARN_OBJC_ROOT_CLASS = YES_ERROR;
				CLANG_WARN_QUOTED_INCLUDE_IN_FRAMEWORK_HEADER = YES;
				CLANG_WARN_RANGE_LOOP_ANALYSIS = YES;
				CLANG_WARN_STRICT_PROTOTYPES = YES;
				CLANG_WARN_SUSPICIOUS_MOVE = YES;
				CLANG_WARN_UNGUARDED_AVAILABILITY = YES_AGGRESSIVE;
				CLANG_WARN_UNREACHABLE_CODE = YES;
				CLANG_WARN__DUPLICATE_METHOD_MATCH = YES;
				COPY_PHASE_STRIP = NO;
				DEBUG_INFORMATION_FORMAT = "dwarf-with-dsym";
				ENABLE_NS_ASSERTIONS = NO;
				ENABLE_STRICT_OBJC_MSGSEND = YES;
				GCC_C_LANGUAGE_STANDARD = gnu11;
				GCC_NO_COMMON_BLOCKS = YES;
				GCC_WARN_64_TO_32_BIT_CONVERSION = YES;
				GCC_WARN_ABOUT_RETURN_TYPE = YES_ERROR;
				GCC_WARN_UNDECLARED_SELECTOR = YES;
				GCC_WARN_UNINITIALIZED_AUTOS = YES_AGGRESSIVE;
				GCC_WARN_UNUSED_FUNCTION = YES;
				GCC_WARN_UNUSED_VARIABLE = YES;
				IPHONEOS_DEPLOYMENT_TARGET = 16.0;
				MTL_ENABLE_DEBUG_INFO = NO;
				MTL_FAST_MATH = YES;
				SDKROOT = iphoneos;
				SWIFT_COMPILATION_MODE = wholemodule;
				SWIFT_OPTIMIZATION_LEVEL = "-O";
				VALIDATE_PRODUCT = YES;
			};
			name = Release;
		};
		F2E8BA01293DC89E001E9C6D /* Debug */ = {
			isa = XCBuildConfiguration;
			buildSettings = {
				ASSETCATALOG_COMPILER_APPICON_NAME = AppIcon;
				ASSETCATALOG_COMPILER_GLOBAL_ACCENT_COLOR_NAME = AccentColor;
				CODE_SIGN_STYLE = Automatic;
				CURRENT_PROJECT_VERSION = 1;
				DEVELOPMENT_TEAM = 4QCSG92KD9;
				GENERATE_INFOPLIST_FILE = YES;
				INFOPLIST_FILE = pomodoro/Info.plist;
				INFOPLIST_KEY_UIApplicationSupportsIndirectInputEvents = YES;
				INFOPLIST_KEY_UILaunchStoryboardName = LaunchScreen;
				INFOPLIST_KEY_UIMainStoryboardFile = Main;
				INFOPLIST_KEY_UISupportedInterfaceOrientations_iPad = "UIInterfaceOrientationPortrait UIInterfaceOrientationPortraitUpsideDown UIInterfaceOrientationLandscapeLeft UIInterfaceOrientationLandscapeRight";
				INFOPLIST_KEY_UISupportedInterfaceOrientations_iPhone = "UIInterfaceOrientationPortrait UIInterfaceOrientationLandscapeLeft UIInterfaceOrientationLandscapeRight";
				IPHONEOS_DEPLOYMENT_TARGET = 15.0;
				LD_RUNPATH_SEARCH_PATHS = (
					"$(inherited)",
					"@executable_path/Frameworks",
				);
				MARKETING_VERSION = 1.0;
				PRODUCT_BUNDLE_IDENTIFIER = com.example.pomodoro;
				PRODUCT_NAME = "$(TARGET_NAME)";
				SWIFT_EMIT_LOC_STRINGS = YES;
				SWIFT_VERSION = 5.0;
				TARGETED_DEVICE_FAMILY = "1,2";
			};
			name = Debug;
		};
		F2E8BA02293DC89E001E9C6D /* Release */ = {
			isa = XCBuildConfiguration;
			buildSettings = {
				ASSETCATALOG_COMPILER_APPICON_NAME = AppIcon;
				ASSETCATALOG_COMPILER_GLOBAL_ACCENT_COLOR_NAME = AccentColor;
				CODE_SIGN_STYLE = Automatic;
				CURRENT_PROJECT_VERSION = 1;
				DEVELOPMENT_TEAM = 4QCSG92KD9;
				GENERATE_INFOPLIST_FILE = YES;
				INFOPLIST_FILE = pomodoro/Info.plist;
				INFOPLIST_KEY_UIApplicationSupportsIndirectInputEvents = YES;
				INFOPLIST_KEY_UILaunchStoryboardName = LaunchScreen;
				INFOPLIST_KEY_UIMainStoryboardFile = Main;
				INFOPLIST_KEY_UISupportedInterfaceOrientations_iPad = "UIInterfaceOrientationPortrait UIInterfaceOrientationPortraitUpsideDown UIInterfaceOrientationLandscapeLeft UIInterfaceOrientationLandscapeRight";
				INFOPLIST_KEY_UISupportedInterfaceOrientations_iPhone = "UIInterfaceOrientationPortrait UIInterfaceOrientationLandscapeLeft UIInterfaceOrientationLandscapeRight";
				IPHONEOS_DEPLOYMENT_TARGET = 15.0;
				LD_RUNPATH_SEARCH_PATHS = (
					"$(inherited)",
					"@executable_path/Frameworks",
				);
				MARKETING_VERSION = 1.0;
				PRODUCT_BUNDLE_IDENTIFIER = com.example.pomodoro;
				PRODUCT_NAME = "$(TARGET_NAME)";
				SWIFT_EMIT_LOC_STRINGS = YES;
				SWIFT_VERSION = 5.0;
				TARGETED_DEVICE_FAMILY = "1,2";
			};
			name = Release;
		};
		F2E8BA04293DC89E001E9C6D /* Debug */ = {
			isa = XCBuildConfiguration;
			buildSettings = {
				ALWAYS_EMBED_SWIFT_STANDARD_LIBRARIES = YES;
				BUNDLE_LOADER = "$(TEST_HOST)";
				CODE_SIGN_STYLE = Automatic;
				CURRENT_PROJECT_VERSION = 1;
				DEVELOPMENT_TEAM = 4QCSG92KD9;
				GENERATE_INFOPLIST_FILE = YES;
				IPHONEOS_DEPLOYMENT_TARGET = 16.0;
				MARKETING_VERSION = 1.0;
				PRODUCT_BUNDLE_IDENTIFIER = com.example.pomodoroTests;
				PRODUCT_NAME = "$(TARGET_NAME)";
				SWIFT_EMIT_LOC_STRINGS = NO;
				SWIFT_VERSION = 5.0;
				TARGETED_DEVICE_FAMILY = "1,2";
				TEST_HOST = "$(BUILT_PRODUCTS_DIR)/pomodoro.app/$(BUNDLE_EXECUTABLE_FOLDER_PATH)/pomodoro";
			};
			name = Debug;
		};
		F2E8BA05293DC89E001E9C6D /* Release */ = {
			isa = XCBuildConfiguration;
			buildSettings = {
				ALWAYS_EMBED_SWIFT_STANDARD_LIBRARIES = YES;
				BUNDLE_LOADER = "$(TEST_HOST)";
				CODE_SIGN_STYLE = Automatic;
				CURRENT_PROJECT_VERSION = 1;
				DEVELOPMENT_TEAM = 4QCSG92KD9;
				GENERATE_INFOPLIST_FILE = YES;
				IPHONEOS_DEPLOYMENT_TARGET = 16.0;
				MARKETING_VERSION = 1.0;
				PRODUCT_BUNDLE_IDENTIFIER = com.example.pomodoroTests;
				PRODUCT_NAME = "$(TARGET_NAME)";
				SWIFT_EMIT_LOC_STRINGS = NO;
				SWIFT_VERSION = 5.0;
				TARGETED_DEVICE_FAMILY = "1,2";
				TEST_HOST = "$(BUILT_PRODUCTS_DIR)/pomodoro.app/$(BUNDLE_EXECUTABLE_FOLDER_PATH)/pomodoro";
			};
			name = Release;
		};
		F2E8BA07293DC89E001E9C6D /* Debug */ = {
			isa = XCBuildConfiguration;
			buildSettings = {
				ALWAYS_EMBED_SWIFT_STANDARD_LIBRARIES = YES;
				CODE_SIGN_STYLE = Automatic;
				CURRENT_PROJECT_VERSION = 1;
				DEVELOPMENT_TEAM = 4QCSG92KD9;
				GENERATE_INFOPLIST_FILE = YES;
				MARKETING_VERSION = 1.0;
				PRODUCT_BUNDLE_IDENTIFIER = com.example.pomodoroUITests;
				PRODUCT_NAME = "$(TARGET_NAME)";
				SWIFT_EMIT_LOC_STRINGS = NO;
				SWIFT_VERSION = 5.0;
				TARGETED_DEVICE_FAMILY = "1,2";
				TEST_TARGET_NAME = pomodoro;
			};
			name = Debug;
		};
		F2E8BA08293DC89E001E9C6D /* Release */ = {
			isa = XCBuildConfiguration;
			buildSettings = {
				ALWAYS_EMBED_SWIFT_STANDARD_LIBRARIES = YES;
				CODE_SIGN_STYLE = Automatic;
				CURRENT_PROJECT_VERSION = 1;
				DEVELOPMENT_TEAM = 4QCSG92KD9;
				GENERATE_INFOPLIST_FILE = YES;
				MARKETING_VERSION = 1.0;
				PRODUCT_BUNDLE_IDENTIFIER = com.example.pomodoroUITests;
				PRODUCT_NAME = "$(TARGET_NAME)";
				SWIFT_EMIT_LOC_STRINGS = NO;
				SWIFT_VERSION = 5.0;
				TARGETED_DEVICE_FAMILY = "1,2";
				TEST_TARGET_NAME = pomodoro;
			};
			name = Release;
		};
/* End XCBuildConfiguration section */

/* Begin XCConfigurationList section */
		F2E8B9D1293DC89E001E9C6D /* Build configuration list for PBXProject "pomodoro" */ = {
			isa = XCConfigurationList;
			buildConfigurations = (
				F2E8B9FE293DC89E001E9C6D /* Debug */,
				F2E8B9FF293DC89E001E9C6D /* Release */,
			);
			defaultConfigurationIsVisible = 0;
			defaultConfigurationName = Release;
		};
		F2E8BA00293DC89E001E9C6D /* Build configuration list for PBXNativeTarget "pomodoro" */ = {
			isa = XCConfigurationList;
			buildConfigurations = (
				F2E8BA01293DC89E001E9C6D /* Debug */,
				F2E8BA02293DC89E001E9C6D /* Release */,
			);
			defaultConfigurationIsVisible = 0;
			defaultConfigurationName = Release;
		};
		F2E8BA03293DC89E001E9C6D /* Build configuration list for PBXNativeTarget "pomodoroTests" */ = {
			isa = XCConfigurationList;
			buildConfigurations = (
				F2E8BA04293DC89E001E9C6D /* Debug */,
				F2E8BA05293DC89E001E9C6D /* Release */,
			);
			defaultConfigurationIsVisible = 0;
			defaultConfigurationName = Release;
		};
		F2E8BA06293DC89E001E9C6D /* Build configuration list for PBXNativeTarget "pomodoroUITests" */ = {
			isa = XCConfigurationList;
			buildConfigurations = (
				F2E8BA07293DC89E001E9C6D /* Debug */,
				F2E8BA08293DC89E001E9C6D /* Release */,
			);
			defaultConfigurationIsVisible = 0;
			defaultConfigurationName = Release;
		};
/* End XCConfigurationList section */
	};
	rootObject = F2E8B9CE293DC89E001E9C6D /* Project object */;
}
