// !$*UTF8*$!
{
	archiveVersion = 1;
	classes = {
	};
	objectVersion = 56;
	objects = {

/* Begin PBXBuildFile section */
		BDD99F5E2972BFB1009B6789 /* AppDelegate.swift in Sources */ = {isa = PBXBuildFile; fileRef = BDD99F5D2972BFB1009B6789 /* AppDelegate.swift */; };
		BDD99F602972BFB2009B6789 /* SceneDelegate.swift in Sources */ = {isa = PBXBuildFile; fileRef = BDD99F5F2972BFB2009B6789 /* SceneDelegate.swift */; };
		BDD99F672972BFB3009B6789 /* Assets.xcassets in Resources */ = {isa = PBXBuildFile; fileRef = BDD99F662972BFB3009B6789 /* Assets.xcassets */; };
		BDD99F6A2972BFB3009B6789 /* LaunchScreen.storyboard in Resources */ = {isa = PBXBuildFile; fileRef = BDD99F682972BFB3009B6789 /* LaunchScreen.storyboard */; };
		BDD99F722972C036009B6789 /* HomeViewController.swift in Sources */ = {isa = PBXBuildFile; fileRef = BDD99F712972C036009B6789 /* HomeViewController.swift */; };
		BDD99F752972C243009B6789 /* SnapKit in Frameworks */ = {isa = PBXBuildFile; productRef = BDD99F742972C243009B6789 /* SnapKit */; };
		BDD99F772972C243009B6789 /* SnapKit-Dynamic in Frameworks */ = {isa = PBXBuildFile; productRef = BDD99F762972C243009B6789 /* SnapKit-Dynamic */; };
		BDD99F792972C443009B6789 /* Content.plist in Resources */ = {isa = PBXBuildFile; fileRef = BDD99F782972C443009B6789 /* Content.plist */; };
		BDD99F7B2972C47A009B6789 /* Content.swift in Sources */ = {isa = PBXBuildFile; fileRef = BDD99F7A2972C47A009B6789 /* Content.swift */; };
		BDD99F7D2972CAD6009B6789 /* ContentCollectionViewCell.swift in Sources */ = {isa = PBXBuildFile; fileRef = BDD99F7C2972CAD6009B6789 /* ContentCollectionViewCell.swift */; };
		BDD99F7F2972CC9C009B6789 /* ContentCollectionViewHeader.swift in Sources */ = {isa = PBXBuildFile; fileRef = BDD99F7E2972CC9C009B6789 /* ContentCollectionViewHeader.swift */; };
/* End PBXBuildFile section */

/* Begin PBXFileReference section */
		BDD99F5A2972BFB1009B6789 /* NetflixStyleSampleApp.app */ = {isa = PBXFileReference; explicitFileType = wrapper.application; includeInIndex = 0; path = NetflixStyleSampleApp.app; sourceTree = BUILT_PRODUCTS_DIR; };
		BDD99F5D2972BFB1009B6789 /* AppDelegate.swift */ = {isa = PBXFileReference; lastKnownFileType = sourcecode.swift; path = AppDelegate.swift; sourceTree = "<group>"; };
		BDD99F5F2972BFB2009B6789 /* SceneDelegate.swift */ = {isa = PBXFileReference; lastKnownFileType = sourcecode.swift; path = SceneDelegate.swift; sourceTree = "<group>"; };
		BDD99F662972BFB3009B6789 /* Assets.xcassets */ = {isa = PBXFileReference; lastKnownFileType = folder.assetcatalog; path = Assets.xcassets; sourceTree = "<group>"; };
		BDD99F692972BFB3009B6789 /* Base */ = {isa = PBXFileReference; lastKnownFileType = file.storyboard; name = Base; path = Base.lproj/LaunchScreen.storyboard; sourceTree = "<group>"; };
		BDD99F6B2972BFB3009B6789 /* Info.plist */ = {isa = PBXFileReference; lastKnownFileType = text.plist.xml; path = Info.plist; sourceTree = "<group>"; };
		BDD99F712972C036009B6789 /* HomeViewController.swift */ = {isa = PBXFileReference; lastKnownFileType = sourcecode.swift; path = HomeViewController.swift; sourceTree = "<group>"; };
		BDD99F782972C443009B6789 /* Content.plist */ = {isa = PBXFileReference; fileEncoding = 4; lastKnownFileType = text.plist.xml; path = Content.plist; sourceTree = "<group>"; };
		BDD99F7A2972C47A009B6789 /* Content.swift */ = {isa = PBXFileReference; lastKnownFileType = sourcecode.swift; path = Content.swift; sourceTree = "<group>"; };
		BDD99F7C2972CAD6009B6789 /* ContentCollectionViewCell.swift */ = {isa = PBXFileReference; lastKnownFileType = sourcecode.swift; path = ContentCollectionViewCell.swift; sourceTree = "<group>"; };
		BDD99F7E2972CC9C009B6789 /* ContentCollectionViewHeader.swift */ = {isa = PBXFileReference; lastKnownFileType = sourcecode.swift; path = ContentCollectionViewHeader.swift; sourceTree = "<group>"; };
/* End PBXFileReference section */

/* Begin PBXFrameworksBuildPhase section */
		BDD99F572972BFB1009B6789 /* Frameworks */ = {
			isa = PBXFrameworksBuildPhase;
			buildActionMask = 2147483647;
			files = (
				BDD99F752972C243009B6789 /* SnapKit in Frameworks */,
				BDD99F772972C243009B6789 /* SnapKit-Dynamic in Frameworks */,
			);
			runOnlyForDeploymentPostprocessing = 0;
		};
/* End PBXFrameworksBuildPhase section */

/* Begin PBXGroup section */
		BDD99F512972BFB1009B6789 = {
			isa = PBXGroup;
			children = (
				BDD99F5C2972BFB1009B6789 /* NetflixStyleSampleApp */,
				BDD99F5B2972BFB1009B6789 /* Products */,
			);
			sourceTree = "<group>";
		};
		BDD99F5B2972BFB1009B6789 /* Products */ = {
			isa = PBXGroup;
			children = (
				BDD99F5A2972BFB1009B6789 /* NetflixStyleSampleApp.app */,
			);
			name = Products;
			sourceTree = "<group>";
		};
		BDD99F5C2972BFB1009B6789 /* NetflixStyleSampleApp */ = {
			isa = PBXGroup;
			children = (
				BDD99F7E2972CC9C009B6789 /* ContentCollectionViewHeader.swift */,
				BDD99F5D2972BFB1009B6789 /* AppDelegate.swift */,
				BDD99F5F2972BFB2009B6789 /* SceneDelegate.swift */,
				BDD99F662972BFB3009B6789 /* Assets.xcassets */,
				BDD99F682972BFB3009B6789 /* LaunchScreen.storyboard */,
				BDD99F6B2972BFB3009B6789 /* Info.plist */,
				BDD99F712972C036009B6789 /* HomeViewController.swift */,
				BDD99F7C2972CAD6009B6789 /* ContentCollectionViewCell.swift */,
				BDD99F782972C443009B6789 /* Content.plist */,
				BDD99F7A2972C47A009B6789 /* Content.swift */,
			);
			path = NetflixStyleSampleApp;
			sourceTree = "<group>";
		};
/* End PBXGroup section */

/* Begin PBXNativeTarget section */
		BDD99F592972BFB1009B6789 /* NetflixStyleSampleApp */ = {
			isa = PBXNativeTarget;
			buildConfigurationList = BDD99F6E2972BFB3009B6789 /* Build configuration list for PBXNativeTarget "NetflixStyleSampleApp" */;
			buildPhases = (
				BDD99F562972BFB1009B6789 /* Sources */,
				BDD99F572972BFB1009B6789 /* Frameworks */,
				BDD99F582972BFB1009B6789 /* Resources */,
			);
			buildRules = (
			);
			dependencies = (
			);
			name = NetflixStyleSampleApp;
			packageProductDependencies = (
				BDD99F742972C243009B6789 /* SnapKit */,
				BDD99F762972C243009B6789 /* SnapKit-Dynamic */,
			);
			productName = NetflixStyleSampleApp;
			productReference = BDD99F5A2972BFB1009B6789 /* NetflixStyleSampleApp.app */;
			productType = "com.apple.product-type.application";
		};
/* End PBXNativeTarget section */

/* Begin PBXProject section */
		BDD99F522972BFB1009B6789 /* Project object */ = {
			isa = PBXProject;
			attributes = {
				BuildIndependentTargetsInParallel = 1;
				LastSwiftUpdateCheck = 1400;
				LastUpgradeCheck = 1400;
				TargetAttributes = {
					BDD99F592972BFB1009B6789 = {
						CreatedOnToolsVersion = 14.0;
					};
				};
			};
			buildConfigurationList = BDD99F552972BFB1009B6789 /* Build configuration list for PBXProject "NetflixStyleSampleApp" */;
			compatibilityVersion = "Xcode 14.0";
			developmentRegion = en;
			hasScannedForEncodings = 0;
			knownRegions = (
				en,
				Base,
			);
			mainGroup = BDD99F512972BFB1009B6789;
			packageReferences = (
				BDD99F732972C243009B6789 /* XCRemoteSwiftPackageReference "SnapKit" */,
			);
			productRefGroup = BDD99F5B2972BFB1009B6789 /* Products */;
			projectDirPath = "";
			projectRoot = "";
			targets = (
				BDD99F592972BFB1009B6789 /* NetflixStyleSampleApp */,
			);
		};
/* End PBXProject section */

/* Begin PBXResourcesBuildPhase section */
		BDD99F582972BFB1009B6789 /* Resources */ = {
			isa = PBXResourcesBuildPhase;
			buildActionMask = 2147483647;
			files = (
				BDD99F6A2972BFB3009B6789 /* LaunchScreen.storyboard in Resources */,
				BDD99F672972BFB3009B6789 /* Assets.xcassets in Resources */,
				BDD99F792972C443009B6789 /* Content.plist in Resources */,
			);
			runOnlyForDeploymentPostprocessing = 0;
		};
/* End PBXResourcesBuildPhase section */

/* Begin PBXSourcesBuildPhase section */
		BDD99F562972BFB1009B6789 /* Sources */ = {
			isa = PBXSourcesBuildPhase;
			buildActionMask = 2147483647;
			files = (
				BDD99F5E2972BFB1009B6789 /* AppDelegate.swift in Sources */,
				BDD99F7F2972CC9C009B6789 /* ContentCollectionViewHeader.swift in Sources */,
				BDD99F602972BFB2009B6789 /* SceneDelegate.swift in Sources */,
				BDD99F722972C036009B6789 /* HomeViewController.swift in Sources */,
				BDD99F7B2972C47A009B6789 /* Content.swift in Sources */,
				BDD99F7D2972CAD6009B6789 /* ContentCollectionViewCell.swift in Sources */,
			);
			runOnlyForDeploymentPostprocessing = 0;
		};
/* End PBXSourcesBuildPhase section */

/* Begin PBXVariantGroup section */
		BDD99F682972BFB3009B6789 /* LaunchScreen.storyboard */ = {
			isa = PBXVariantGroup;
			children = (
				BDD99F692972BFB3009B6789 /* Base */,
			);
			name = LaunchScreen.storyboard;
			sourceTree = "<group>";
		};
/* End PBXVariantGroup section */

/* Begin XCBuildConfiguration section */
		BDD99F6C2972BFB3009B6789 /* Debug */ = {
			isa = XCBuildConfiguration;
			buildSettings = {
				ALWAYS_SEARCH_USER_PATHS = NO;
				CLANG_ANALYZER_NONNULL = YES;
				CLANG_ANALYZER_NUMBER_OBJECT_CONVERSION = YES_AGGRESSIVE;
				CLANG_CXX_LANGUAGE_STANDARD = "gnu++20";
				CLANG_ENABLE_MODULES = YES;
				CLANG_ENABLE_OBJC_ARC = YES;
				CLANG_ENABLE_OBJC_WEAK = YES;
				CLANG_WARN_BLOCK_CAPTURE_AUTORELEASING = YES;
				CLANG_WARN_BOOL_CONVERSION = YES;
				CLANG_WARN_COMMA = YES;
				CLANG_WARN_CONSTANT_CONVERSION = YES;
				CLANG_WARN_DEPRECATED_OBJC_IMPLEMENTATIONS = YES;
				CLANG_WARN_DIRECT_OBJC_ISA_USAGE = YES_ERROR;
				CLANG_WARN_DOCUMENTATION_COMMENTS = YES;
				CLANG_WARN_EMPTY_BODY = YES;
				CLANG_WARN_ENUM_CONVERSION = YES;
				CLANG_WARN_INFINITE_RECURSION = YES;
				CLANG_WARN_INT_CONVERSION = YES;
				CLANG_WARN_NON_LITERAL_NULL_CONVERSION = YES;
				CLANG_WARN_OBJC_IMPLICIT_RETAIN_SELF = YES;
				CLANG_WARN_OBJC_LITERAL_CONVERSION = YES;
				CLANG_WARN_OBJC_ROOT_CLASS = YES_ERROR;
				CLANG_WARN_QUOTED_INCLUDE_IN_FRAMEWORK_HEADER = YES;
				CLANG_WARN_RANGE_LOOP_ANALYSIS = YES;
				CLANG_WARN_STRICT_PROTOTYPES = YES;
				CLANG_WARN_SUSPICIOUS_MOVE = YES;
				CLANG_WARN_UNGUARDED_AVAILABILITY = YES_AGGRESSIVE;
				CLANG_WARN_UNREACHABLE_CODE = YES;
				CLANG_WARN__DUPLICATE_METHOD_MATCH = YES;
				COPY_PHASE_STRIP = NO;
				DEBUG_INFORMATION_FORMAT = dwarf;
				ENABLE_STRICT_OBJC_MSGSEND = YES;
				ENABLE_TESTABILITY = YES;
				GCC_C_LANGUAGE_STANDARD = gnu11;
				GCC_DYNAMIC_NO_PIC = NO;
				GCC_NO_COMMON_BLOCKS = YES;
				GCC_OPTIMIZATION_LEVEL = 0;
				GCC_PREPROCESSOR_DEFINITIONS = (
					"DEBUG=1",
					"$(inherited)",
				);
				GCC_WARN_64_TO_32_BIT_CONVERSION = YES;
				GCC_WARN_ABOUT_RETURN_TYPE = YES_ERROR;
				GCC_WARN_UNDECLARED_SELECTOR = YES;
				GCC_WARN_UNINITIALIZED_AUTOS = YES_AGGRESSIVE;
				GCC_WARN_UNUSED_FUNCTION = YES;
				GCC_WARN_UNUSED_VARIABLE = YES;
				IPHONEOS_DEPLOYMENT_TARGET = 16.0;
				MTL_ENABLE_DEBUG_INFO = INCLUDE_SOURCE;
				MTL_FAST_MATH = YES;
				ONLY_ACTIVE_ARCH = YES;
				SDKROOT = iphoneos;
				SWIFT_ACTIVE_COMPILATION_CONDITIONS = DEBUG;
				SWIFT_OPTIMIZATION_LEVEL = "-Onone";
			};
			name = Debug;
		};
		BDD99F6D2972BFB3009B6789 /* Release */ = {
			isa = XCBuildConfiguration;
			buildSettings = {
				ALWAYS_SEARCH_USER_PATHS = NO;
				CLANG_ANALYZER_NONNULL = YES;
				CLANG_ANALYZER_NUMBER_OBJECT_CONVERSION = YES_AGGRESSIVE;
				CLANG_CXX_LANGUAGE_STANDARD = "gnu++20";
				CLANG_ENABLE_MODULES = YES;
				CLANG_ENABLE_OBJC_ARC = YES;
				CLANG_ENABLE_OBJC_WEAK = YES;
				CLANG_WARN_BLOCK_CAPTURE_AUTORELEASING = YES;
				CLANG_WARN_BOOL_CONVERSION = YES;
				CLANG_WARN_COMMA = YES;
				CLANG_WARN_CONSTANT_CONVERSION = YES;
				CLANG_WARN_DEPRECATED_OBJC_IMPLEMENTATIONS = YES;
				CLANG_WARN_DIRECT_OBJC_ISA_USAGE = YES_ERROR;
				CLANG_WARN_DOCUMENTATION_COMMENTS = YES;
				CLANG_WARN_EMPTY_BODY = YES;
				CLANG_WARN_ENUM_CONVERSION = YES;
				CLANG_WARN_INFINITE_RECURSION = YES;
				CLANG_WARN_INT_CONVERSION = YES;
				CLANG_WARN_NON_LITERAL_NULL_CONVERSION = YES;
				CLANG_WARN_OBJC_IMPLICIT_RETAIN_SELF = YES;
				CLANG_WARN_OBJC_LITERAL_CONVERSION = YES;
				CLANG_WARN_OBJC_ROOT_CLASS = YES_ERROR;
				CLANG_WARN_QUOTED_INCLUDE_IN_FRAMEWORK_HEADER = YES;
				CLANG_WARN_RANGE_LOOP_ANALYSIS = YES;
				CLANG_WARN_STRICT_PROTOTYPES = YES;
				CLANG_WARN_SUSPICIOUS_MOVE = YES;
				CLANG_WARN_UNGUARDED_AVAILABILITY = YES_AGGRESSIVE;
				CLANG_WARN_UNREACHABLE_CODE = YES;
				CLANG_WARN__DUPLICATE_METHOD_MATCH = YES;
				COPY_PHASE_STRIP = NO;
				DEBUG_INFORMATION_FORMAT = "dwarf-with-dsym";
				ENABLE_NS_ASSERTIONS = NO;
				ENABLE_STRICT_OBJC_MSGSEND = YES;
				GCC_C_LANGUAGE_STANDARD = gnu11;
				GCC_NO_COMMON_BLOCKS = YES;
				GCC_WARN_64_TO_32_BIT_CONVERSION = YES;
				GCC_WARN_ABOUT_RETURN_TYPE = YES_ERROR;
				GCC_WARN_UNDECLARED_SELECTOR = YES;
				GCC_WARN_UNINITIALIZED_AUTOS = YES_AGGRESSIVE;
				GCC_WARN_UNUSED_FUNCTION = YES;
				GCC_WARN_UNUSED_VARIABLE = YES;
				IPHONEOS_DEPLOYMENT_TARGET = 16.0;
				MTL_ENABLE_DEBUG_INFO = NO;
				MTL_FAST_MATH = YES;
				SDKROOT = iphoneos;
				SWIFT_COMPILATION_MODE = wholemodule;
				SWIFT_OPTIMIZATION_LEVEL = "-O";
				VALIDATE_PRODUCT = YES;
			};
			name = Release;
		};
		BDD99F6F2972BFB3009B6789 /* Debug */ = {
			isa = XCBuildConfiguration;
			buildSettings = {
				ASSETCATALOG_COMPILER_APPICON_NAME = AppIcon;
				ASSETCATALOG_COMPILER_GLOBAL_ACCENT_COLOR_NAME = AccentColor;
				CODE_SIGN_STYLE = Automatic;
				CURRENT_PROJECT_VERSION = 1;
				DEVELOPMENT_TEAM = 4QCSG92KD9;
				GENERATE_INFOPLIST_FILE = YES;
				INFOPLIST_FILE = NetflixStyleSampleApp/Info.plist;
				INFOPLIST_KEY_UIApplicationSupportsIndirectInputEvents = YES;
				INFOPLIST_KEY_UILaunchStoryboardName = LaunchScreen;
				INFOPLIST_KEY_UIMainStoryboardFile = Main;
				INFOPLIST_KEY_UISupportedInterfaceOrientations_iPad = "UIInterfaceOrientationPortrait UIInterfaceOrientationPortraitUpsideDown UIInterfaceOrientationLandscapeLeft UIInterfaceOrientationLandscapeRight";
				INFOPLIST_KEY_UISupportedInterfaceOrientations_iPhone = "UIInterfaceOrientationPortrait UIInterfaceOrientationLandscapeLeft UIInterfaceOrientationLandscapeRight";
				LD_RUNPATH_SEARCH_PATHS = (
					"$(inherited)",
					"@executable_path/Frameworks",
				);
				MARKETING_VERSION = 1.0;
				PRODUCT_BUNDLE_IDENTIFIER = com.example.NetflixStyleSampleApp;
				PRODUCT_NAME = "$(TARGET_NAME)";
				SUPPORTED_PLATFORMS = "iphoneos iphonesimulator";
				SUPPORTS_MACCATALYST = NO;
				SUPPORTS_MAC_DESIGNED_FOR_IPHONE_IPAD = NO;
				SWIFT_EMIT_LOC_STRINGS = YES;
				SWIFT_VERSION = 5.0;
				TARGETED_DEVICE_FAMILY = 1;
			};
			name = Debug;
		};
		BDD99F702972BFB3009B6789 /* Release */ = {
			isa = XCBuildConfiguration;
			buildSettings = {
				ASSETCATALOG_COMPILER_APPICON_NAME = AppIcon;
				ASSETCATALOG_COMPILER_GLOBAL_ACCENT_COLOR_NAME = AccentColor;
				CODE_SIGN_STYLE = Automatic;
				CURRENT_PROJECT_VERSION = 1;
				DEVELOPMENT_TEAM = 4QCSG92KD9;
				GENERATE_INFOPLIST_FILE = YES;
				INFOPLIST_FILE = NetflixStyleSampleApp/Info.plist;
				INFOPLIST_KEY_UIApplicationSupportsIndirectInputEvents = YES;
				INFOPLIST_KEY_UILaunchStoryboardName = LaunchScreen;
				INFOPLIST_KEY_UIMainStoryboardFile = Main;
				INFOPLIST_KEY_UISupportedInterfaceOrientations_iPad = "UIInterfaceOrientationPortrait UIInterfaceOrientationPortraitUpsideDown UIInterfaceOrientationLandscapeLeft UIInterfaceOrientationLandscapeRight";
				INFOPLIST_KEY_UISupportedInterfaceOrientations_iPhone = "UIInterfaceOrientationPortrait UIInterfaceOrientationLandscapeLeft UIInterfaceOrientationLandscapeRight";
				LD_RUNPATH_SEARCH_PATHS = (
					"$(inherited)",
					"@executable_path/Frameworks",
				);
				MARKETING_VERSION = 1.0;
				PRODUCT_BUNDLE_IDENTIFIER = com.example.NetflixStyleSampleApp;
				PRODUCT_NAME = "$(TARGET_NAME)";
				SUPPORTED_PLATFORMS = "iphoneos iphonesimulator";
				SUPPORTS_MACCATALYST = NO;
				SUPPORTS_MAC_DESIGNED_FOR_IPHONE_IPAD = NO;
				SWIFT_EMIT_LOC_STRINGS = YES;
				SWIFT_VERSION = 5.0;
				TARGETED_DEVICE_FAMILY = 1;
			};
			name = Release;
		};
/* End XCBuildConfiguration section */

/* Begin XCConfigurationList section */
		BDD99F552972BFB1009B6789 /* Build configuration list for PBXProject "NetflixStyleSampleApp" */ = {
			isa = XCConfigurationList;
			buildConfigurations = (
				BDD99F6C2972BFB3009B6789 /* Debug */,
				BDD99F6D2972BFB3009B6789 /* Release */,
			);
			defaultConfigurationIsVisible = 0;
			defaultConfigurationName = Release;
		};
		BDD99F6E2972BFB3009B6789 /* Build configuration list for PBXNativeTarget "NetflixStyleSampleApp" */ = {
			isa = XCConfigurationList;
			buildConfigurations = (
				BDD99F6F2972BFB3009B6789 /* Debug */,
				BDD99F702972BFB3009B6789 /* Release */,
			);
			defaultConfigurationIsVisible = 0;
			defaultConfigurationName = Release;
		};
/* End XCConfigurationList section */

/* Begin XCRemoteSwiftPackageReference section */
		BDD99F732972C243009B6789 /* XCRemoteSwiftPackageReference "SnapKit" */ = {
			isa = XCRemoteSwiftPackageReference;
			repositoryURL = "https://github.com/SnapKit/SnapKit.git";
			requirement = {
				kind = upToNextMajorVersion;
				minimumVersion = 5.0.0;
			};
		};
/* End XCRemoteSwiftPackageReference section */

/* Begin XCSwiftPackageProductDependency section */
		BDD99F742972C243009B6789 /* SnapKit */ = {
			isa = XCSwiftPackageProductDependency;
			package = BDD99F732972C243009B6789 /* XCRemoteSwiftPackageReference "SnapKit" */;
			productName = SnapKit;
		};
		BDD99F762972C243009B6789 /* SnapKit-Dynamic */ = {
			isa = XCSwiftPackageProductDependency;
			package = BDD99F732972C243009B6789 /* XCRemoteSwiftPackageReference "SnapKit" */;
			productName = "SnapKit-Dynamic";
		};
/* End XCSwiftPackageProductDependency section */
	};
	rootObject = BDD99F522972BFB1009B6789 /* Project object */;
}
